// !$*UTF8*$!
{
	archiveVersion = 1;
	classes = {
	};
	objectVersion = 48;
	objects = {

/* Begin PBXBuildFile section */
		4A77BE7A20B5C52D00166150 /* CardSet.swift in Sources */ = {isa = PBXBuildFile; fileRef = 4A77BE7920B5C52D00166150 /* CardSet.swift */; };
		4A77BE7B20B5C52D00166150 /* CardSet.swift in Sources */ = {isa = PBXBuildFile; fileRef = 4A77BE7920B5C52D00166150 /* CardSet.swift */; };
		4A77BE7C20B5C52D00166150 /* CardSet.swift in Sources */ = {isa = PBXBuildFile; fileRef = 4A77BE7920B5C52D00166150 /* CardSet.swift */; };
		4A77BE7D20B5C52D00166150 /* CardSet.swift in Sources */ = {isa = PBXBuildFile; fileRef = 4A77BE7920B5C52D00166150 /* CardSet.swift */; };
		4A77BE7E20B5C52D00166150 /* CardSet.swift in Sources */ = {isa = PBXBuildFile; fileRef = 4A77BE7920B5C52D00166150 /* CardSet.swift */; };
		4ABB6C3720B5C95A0077F7BE /* SetsTest.json in Resources */ = {isa = PBXBuildFile; fileRef = 4ABB6C3620B5C95A0077F7BE /* SetsTest.json */; };
		4AC77073211A24F20055D5B3 /* CardTest5.json in Resources */ = {isa = PBXBuildFile; fileRef = 4AC77072211A24F20055D5B3 /* CardTest5.json */; };
		4AE55A4E2113963A00D4A492 /* CardTest4.json in Resources */ = {isa = PBXBuildFile; fileRef = 4AE55A4D2113963A00D4A492 /* CardTest4.json */; };
		840DBB8A21191C5E0001B28E /* CardLegality.swift in Sources */ = {isa = PBXBuildFile; fileRef = 840DBB8921191C5E0001B28E /* CardLegality.swift */; };
		840DBB8B21191C640001B28E /* CardLegality.swift in Sources */ = {isa = PBXBuildFile; fileRef = 840DBB8921191C5E0001B28E /* CardLegality.swift */; };
		840DBB8C21191C640001B28E /* CardLegality.swift in Sources */ = {isa = PBXBuildFile; fileRef = 840DBB8921191C5E0001B28E /* CardLegality.swift */; };
		840DBB8D21191C650001B28E /* CardLegality.swift in Sources */ = {isa = PBXBuildFile; fileRef = 840DBB8921191C5E0001B28E /* CardLegality.swift */; };
		840DBB8E21191C650001B28E /* CardLegality.swift in Sources */ = {isa = PBXBuildFile; fileRef = 840DBB8921191C5E0001B28E /* CardLegality.swift */; };
		8429B4DA20883446001B6BB7 /* ScryfallSwift.h in Headers */ = {isa = PBXBuildFile; fileRef = 8429B4D920883446001B6BB7 /* ScryfallSwift.h */; settings = {ATTRIBUTES = (Public, ); }; };
		8429B4DB20883446001B6BB7 /* ScryfallSwift.h in Headers */ = {isa = PBXBuildFile; fileRef = 8429B4D920883446001B6BB7 /* ScryfallSwift.h */; settings = {ATTRIBUTES = (Public, ); }; };
		8429B4DC20883446001B6BB7 /* ScryfallSwift.h in Headers */ = {isa = PBXBuildFile; fileRef = 8429B4D920883446001B6BB7 /* ScryfallSwift.h */; settings = {ATTRIBUTES = (Public, ); }; };
		8429B4DD20883446001B6BB7 /* ScryfallSwift.h in Headers */ = {isa = PBXBuildFile; fileRef = 8429B4D920883446001B6BB7 /* ScryfallSwift.h */; settings = {ATTRIBUTES = (Public, ); }; };
		842EE30E2173F19F007DC1B8 /* APIRequest.swift in Sources */ = {isa = PBXBuildFile; fileRef = 842EE30D2173F19F007DC1B8 /* APIRequest.swift */; };
		842EE30F2173F19F007DC1B8 /* APIRequest.swift in Sources */ = {isa = PBXBuildFile; fileRef = 842EE30D2173F19F007DC1B8 /* APIRequest.swift */; };
		842EE3102173F19F007DC1B8 /* APIRequest.swift in Sources */ = {isa = PBXBuildFile; fileRef = 842EE30D2173F19F007DC1B8 /* APIRequest.swift */; };
		842EE3112173F19F007DC1B8 /* APIRequest.swift in Sources */ = {isa = PBXBuildFile; fileRef = 842EE30D2173F19F007DC1B8 /* APIRequest.swift */; };
		842EE3122173F19F007DC1B8 /* APIRequest.swift in Sources */ = {isa = PBXBuildFile; fileRef = 842EE30D2173F19F007DC1B8 /* APIRequest.swift */; };
		842EE31521743B09007DC1B8 /* AllSetsRequest.swift in Sources */ = {isa = PBXBuildFile; fileRef = 842EE31421743B09007DC1B8 /* AllSetsRequest.swift */; };
		842EE31621743B09007DC1B8 /* AllSetsRequest.swift in Sources */ = {isa = PBXBuildFile; fileRef = 842EE31421743B09007DC1B8 /* AllSetsRequest.swift */; };
		842EE31721743B09007DC1B8 /* AllSetsRequest.swift in Sources */ = {isa = PBXBuildFile; fileRef = 842EE31421743B09007DC1B8 /* AllSetsRequest.swift */; };
		842EE31821743B09007DC1B8 /* AllSetsRequest.swift in Sources */ = {isa = PBXBuildFile; fileRef = 842EE31421743B09007DC1B8 /* AllSetsRequest.swift */; };
		842EE31921743B09007DC1B8 /* AllSetsRequest.swift in Sources */ = {isa = PBXBuildFile; fileRef = 842EE31421743B09007DC1B8 /* AllSetsRequest.swift */; };
		842EE31B217441CD007DC1B8 /* BaseAPIClient.swift in Sources */ = {isa = PBXBuildFile; fileRef = 842EE31A217441CD007DC1B8 /* BaseAPIClient.swift */; };
		842EE31C217441CD007DC1B8 /* BaseAPIClient.swift in Sources */ = {isa = PBXBuildFile; fileRef = 842EE31A217441CD007DC1B8 /* BaseAPIClient.swift */; };
		842EE31D217441CD007DC1B8 /* BaseAPIClient.swift in Sources */ = {isa = PBXBuildFile; fileRef = 842EE31A217441CD007DC1B8 /* BaseAPIClient.swift */; };
		842EE31E217441CD007DC1B8 /* BaseAPIClient.swift in Sources */ = {isa = PBXBuildFile; fileRef = 842EE31A217441CD007DC1B8 /* BaseAPIClient.swift */; };
		842EE31F217441CD007DC1B8 /* BaseAPIClient.swift in Sources */ = {isa = PBXBuildFile; fileRef = 842EE31A217441CD007DC1B8 /* BaseAPIClient.swift */; };
		842EE321217442FD007DC1B8 /* CardsRequests.swift in Sources */ = {isa = PBXBuildFile; fileRef = 842EE320217442FD007DC1B8 /* CardsRequests.swift */; };
		842EE322217442FD007DC1B8 /* CardsRequests.swift in Sources */ = {isa = PBXBuildFile; fileRef = 842EE320217442FD007DC1B8 /* CardsRequests.swift */; };
		842EE323217442FD007DC1B8 /* CardsRequests.swift in Sources */ = {isa = PBXBuildFile; fileRef = 842EE320217442FD007DC1B8 /* CardsRequests.swift */; };
		842EE324217442FD007DC1B8 /* CardsRequests.swift in Sources */ = {isa = PBXBuildFile; fileRef = 842EE320217442FD007DC1B8 /* CardsRequests.swift */; };
		842EE325217442FD007DC1B8 /* CardsRequests.swift in Sources */ = {isa = PBXBuildFile; fileRef = 842EE320217442FD007DC1B8 /* CardsRequests.swift */; };
		842EE32721744371007DC1B8 /* APIClientTests.swift in Sources */ = {isa = PBXBuildFile; fileRef = 842EE32621744371007DC1B8 /* APIClientTests.swift */; };
		842EE329218024B8007DC1B8 /* Catalog.swift in Sources */ = {isa = PBXBuildFile; fileRef = 842EE328218024B8007DC1B8 /* Catalog.swift */; };
		842EE32A218024B8007DC1B8 /* Catalog.swift in Sources */ = {isa = PBXBuildFile; fileRef = 842EE328218024B8007DC1B8 /* Catalog.swift */; };
		842EE32B218024B8007DC1B8 /* Catalog.swift in Sources */ = {isa = PBXBuildFile; fileRef = 842EE328218024B8007DC1B8 /* Catalog.swift */; };
		842EE32C218024B8007DC1B8 /* Catalog.swift in Sources */ = {isa = PBXBuildFile; fileRef = 842EE328218024B8007DC1B8 /* Catalog.swift */; };
		842EE32D218024B8007DC1B8 /* Catalog.swift in Sources */ = {isa = PBXBuildFile; fileRef = 842EE328218024B8007DC1B8 /* Catalog.swift */; };
		842EE3302180259C007DC1B8 /* AutocompleteRequest.swift in Sources */ = {isa = PBXBuildFile; fileRef = 842EE32F2180259C007DC1B8 /* AutocompleteRequest.swift */; };
		842EE3312180259C007DC1B8 /* AutocompleteRequest.swift in Sources */ = {isa = PBXBuildFile; fileRef = 842EE32F2180259C007DC1B8 /* AutocompleteRequest.swift */; };
		842EE3322180259C007DC1B8 /* AutocompleteRequest.swift in Sources */ = {isa = PBXBuildFile; fileRef = 842EE32F2180259C007DC1B8 /* AutocompleteRequest.swift */; };
		842EE3332180259C007DC1B8 /* AutocompleteRequest.swift in Sources */ = {isa = PBXBuildFile; fileRef = 842EE32F2180259C007DC1B8 /* AutocompleteRequest.swift */; };
		842EE3342180259C007DC1B8 /* AutocompleteRequest.swift in Sources */ = {isa = PBXBuildFile; fileRef = 842EE32F2180259C007DC1B8 /* AutocompleteRequest.swift */; };
		842EE336218028C5007DC1B8 /* RandomCardRequest.swift in Sources */ = {isa = PBXBuildFile; fileRef = 842EE335218028C5007DC1B8 /* RandomCardRequest.swift */; };
		842EE337218028C5007DC1B8 /* RandomCardRequest.swift in Sources */ = {isa = PBXBuildFile; fileRef = 842EE335218028C5007DC1B8 /* RandomCardRequest.swift */; };
		842EE338218028C5007DC1B8 /* RandomCardRequest.swift in Sources */ = {isa = PBXBuildFile; fileRef = 842EE335218028C5007DC1B8 /* RandomCardRequest.swift */; };
		842EE339218028C5007DC1B8 /* RandomCardRequest.swift in Sources */ = {isa = PBXBuildFile; fileRef = 842EE335218028C5007DC1B8 /* RandomCardRequest.swift */; };
		842EE33A218028C5007DC1B8 /* RandomCardRequest.swift in Sources */ = {isa = PBXBuildFile; fileRef = 842EE335218028C5007DC1B8 /* RandomCardRequest.swift */; };
		8445F7D020FC35FA006DA2AC /* CardTest3.json in Resources */ = {isa = PBXBuildFile; fileRef = 8445F7CE20FC35FA006DA2AC /* CardTest3.json */; };
		8445F7D120FC35FA006DA2AC /* CardTest2.json in Resources */ = {isa = PBXBuildFile; fileRef = 8445F7CF20FC35FA006DA2AC /* CardTest2.json */; };
		844A9D732198EDDA00F19E2E /* CollectionRequest.swift in Sources */ = {isa = PBXBuildFile; fileRef = 844A9D722198EDDA00F19E2E /* CollectionRequest.swift */; };
		844A9D742198EDDA00F19E2E /* CollectionRequest.swift in Sources */ = {isa = PBXBuildFile; fileRef = 844A9D722198EDDA00F19E2E /* CollectionRequest.swift */; };
		844A9D752198EDDA00F19E2E /* CollectionRequest.swift in Sources */ = {isa = PBXBuildFile; fileRef = 844A9D722198EDDA00F19E2E /* CollectionRequest.swift */; };
		844A9D762198EDDA00F19E2E /* CollectionRequest.swift in Sources */ = {isa = PBXBuildFile; fileRef = 844A9D722198EDDA00F19E2E /* CollectionRequest.swift */; };
		844A9D772198EDDA00F19E2E /* CollectionRequest.swift in Sources */ = {isa = PBXBuildFile; fileRef = 844A9D722198EDDA00F19E2E /* CollectionRequest.swift */; };
		844A9D792198EE1200F19E2E /* CollectionCardIdentifier.swift in Sources */ = {isa = PBXBuildFile; fileRef = 844A9D782198EE1200F19E2E /* CollectionCardIdentifier.swift */; };
		844A9D7A2198EE1200F19E2E /* CollectionCardIdentifier.swift in Sources */ = {isa = PBXBuildFile; fileRef = 844A9D782198EE1200F19E2E /* CollectionCardIdentifier.swift */; };
		844A9D7B2198EE1200F19E2E /* CollectionCardIdentifier.swift in Sources */ = {isa = PBXBuildFile; fileRef = 844A9D782198EE1200F19E2E /* CollectionCardIdentifier.swift */; };
		844A9D7C2198EE1200F19E2E /* CollectionCardIdentifier.swift in Sources */ = {isa = PBXBuildFile; fileRef = 844A9D782198EE1200F19E2E /* CollectionCardIdentifier.swift */; };
		844A9D7D2198EE1200F19E2E /* CollectionCardIdentifier.swift in Sources */ = {isa = PBXBuildFile; fileRef = 844A9D782198EE1200F19E2E /* CollectionCardIdentifier.swift */; };
		84525B9A214899FB0088A9E2 /* SymbologyTest.json in Resources */ = {isa = PBXBuildFile; fileRef = 84525B99214899FB0088A9E2 /* SymbologyTest.json */; };
		84525B9C21489A760088A9E2 /* CardSymbol.swift in Sources */ = {isa = PBXBuildFile; fileRef = 84525B9B21489A760088A9E2 /* CardSymbol.swift */; };
		84525B9D21489A760088A9E2 /* CardSymbol.swift in Sources */ = {isa = PBXBuildFile; fileRef = 84525B9B21489A760088A9E2 /* CardSymbol.swift */; };
		84525B9E21489A760088A9E2 /* CardSymbol.swift in Sources */ = {isa = PBXBuildFile; fileRef = 84525B9B21489A760088A9E2 /* CardSymbol.swift */; };
		84525B9F21489A760088A9E2 /* CardSymbol.swift in Sources */ = {isa = PBXBuildFile; fileRef = 84525B9B21489A760088A9E2 /* CardSymbol.swift */; };
		84525BA021489A760088A9E2 /* CardSymbol.swift in Sources */ = {isa = PBXBuildFile; fileRef = 84525B9B21489A760088A9E2 /* CardSymbol.swift */; };
		84525BA3214B4E240088A9E2 /* ScryfallError.swift in Sources */ = {isa = PBXBuildFile; fileRef = 84525BA2214B4E240088A9E2 /* ScryfallError.swift */; };
		84525BA4214B4E240088A9E2 /* ScryfallError.swift in Sources */ = {isa = PBXBuildFile; fileRef = 84525BA2214B4E240088A9E2 /* ScryfallError.swift */; };
		84525BA5214B4E240088A9E2 /* ScryfallError.swift in Sources */ = {isa = PBXBuildFile; fileRef = 84525BA2214B4E240088A9E2 /* ScryfallError.swift */; };
		84525BA6214B4E240088A9E2 /* ScryfallError.swift in Sources */ = {isa = PBXBuildFile; fileRef = 84525BA2214B4E240088A9E2 /* ScryfallError.swift */; };
		84525BA7214B4E240088A9E2 /* ScryfallError.swift in Sources */ = {isa = PBXBuildFile; fileRef = 84525BA2214B4E240088A9E2 /* ScryfallError.swift */; };
		84525BA9214B4F060088A9E2 /* List.swift in Sources */ = {isa = PBXBuildFile; fileRef = 84525BA8214B4F060088A9E2 /* List.swift */; };
		84525BAA214B4F060088A9E2 /* List.swift in Sources */ = {isa = PBXBuildFile; fileRef = 84525BA8214B4F060088A9E2 /* List.swift */; };
		84525BAB214B4F060088A9E2 /* List.swift in Sources */ = {isa = PBXBuildFile; fileRef = 84525BA8214B4F060088A9E2 /* List.swift */; };
		84525BAC214B4F060088A9E2 /* List.swift in Sources */ = {isa = PBXBuildFile; fileRef = 84525BA8214B4F060088A9E2 /* List.swift */; };
		84525BAD214B4F060088A9E2 /* List.swift in Sources */ = {isa = PBXBuildFile; fileRef = 84525BA8214B4F060088A9E2 /* List.swift */; };
		84525BBA214B5B300088A9E2 /* ListTest0.json in Resources */ = {isa = PBXBuildFile; fileRef = 84525BB5214B5B300088A9E2 /* ListTest0.json */; };
		84525BC02151CAF00088A9E2 /* ListTest1.json in Resources */ = {isa = PBXBuildFile; fileRef = 84525BBB2151CAF00088A9E2 /* ListTest1.json */; };
		84525BC62151D6800088A9E2 /* ListTest2.json in Resources */ = {isa = PBXBuildFile; fileRef = 84525BC12151D6800088A9E2 /* ListTest2.json */; };
		84525BC82151D8DD0088A9E2 /* ListTest3.json in Resources */ = {isa = PBXBuildFile; fileRef = 84525BC72151D8DD0088A9E2 /* ListTest3.json */; };
		84525BCA2151D9340088A9E2 /* ListTest4.json in Resources */ = {isa = PBXBuildFile; fileRef = 84525BC92151D9340088A9E2 /* ListTest4.json */; };
		845FBD0B222637F000F175C5 /* CardPrice.swift in Sources */ = {isa = PBXBuildFile; fileRef = 845FBD0A222637F000F175C5 /* CardPrice.swift */; };
		845FBD0C222637F000F175C5 /* CardPrice.swift in Sources */ = {isa = PBXBuildFile; fileRef = 845FBD0A222637F000F175C5 /* CardPrice.swift */; };
		845FBD0D222637F000F175C5 /* CardPrice.swift in Sources */ = {isa = PBXBuildFile; fileRef = 845FBD0A222637F000F175C5 /* CardPrice.swift */; };
		845FBD0E222637F000F175C5 /* CardPrice.swift in Sources */ = {isa = PBXBuildFile; fileRef = 845FBD0A222637F000F175C5 /* CardPrice.swift */; };
		845FBD0F222637F000F175C5 /* CardPrice.swift in Sources */ = {isa = PBXBuildFile; fileRef = 845FBD0A222637F000F175C5 /* CardPrice.swift */; };
		845FBD11222C92FD00F175C5 /* CardLayout.swift in Sources */ = {isa = PBXBuildFile; fileRef = 845FBD10222C92FD00F175C5 /* CardLayout.swift */; };
		845FBD12222CA19E00F175C5 /* CardLayout.swift in Sources */ = {isa = PBXBuildFile; fileRef = 845FBD10222C92FD00F175C5 /* CardLayout.swift */; };
		845FBD13222CA19E00F175C5 /* CardLayout.swift in Sources */ = {isa = PBXBuildFile; fileRef = 845FBD10222C92FD00F175C5 /* CardLayout.swift */; };
		845FBD14222CA19F00F175C5 /* CardLayout.swift in Sources */ = {isa = PBXBuildFile; fileRef = 845FBD10222C92FD00F175C5 /* CardLayout.swift */; };
		845FBD15222CA19F00F175C5 /* CardLayout.swift in Sources */ = {isa = PBXBuildFile; fileRef = 845FBD10222C92FD00F175C5 /* CardLayout.swift */; };
		845FBD17222CA22200F175C5 /* CardFrameEffect.swift in Sources */ = {isa = PBXBuildFile; fileRef = 845FBD16222CA22200F175C5 /* CardFrameEffect.swift */; };
		845FBD18222CA22200F175C5 /* CardFrameEffect.swift in Sources */ = {isa = PBXBuildFile; fileRef = 845FBD16222CA22200F175C5 /* CardFrameEffect.swift */; };
		845FBD19222CA22200F175C5 /* CardFrameEffect.swift in Sources */ = {isa = PBXBuildFile; fileRef = 845FBD16222CA22200F175C5 /* CardFrameEffect.swift */; };
		845FBD1A222CA22200F175C5 /* CardFrameEffect.swift in Sources */ = {isa = PBXBuildFile; fileRef = 845FBD16222CA22200F175C5 /* CardFrameEffect.swift */; };
		845FBD1B222CA22200F175C5 /* CardFrameEffect.swift in Sources */ = {isa = PBXBuildFile; fileRef = 845FBD16222CA22200F175C5 /* CardFrameEffect.swift */; };
		845FBD1D222CA24200F175C5 /* CardGame.swift in Sources */ = {isa = PBXBuildFile; fileRef = 845FBD1C222CA24200F175C5 /* CardGame.swift */; };
		845FBD1E222CA24200F175C5 /* CardGame.swift in Sources */ = {isa = PBXBuildFile; fileRef = 845FBD1C222CA24200F175C5 /* CardGame.swift */; };
		845FBD1F222CA24200F175C5 /* CardGame.swift in Sources */ = {isa = PBXBuildFile; fileRef = 845FBD1C222CA24200F175C5 /* CardGame.swift */; };
		845FBD20222CA24200F175C5 /* CardGame.swift in Sources */ = {isa = PBXBuildFile; fileRef = 845FBD1C222CA24200F175C5 /* CardGame.swift */; };
		845FBD21222CA24200F175C5 /* CardGame.swift in Sources */ = {isa = PBXBuildFile; fileRef = 845FBD1C222CA24200F175C5 /* CardGame.swift */; };
		845FBD23222CA25200F175C5 /* CardRarity.swift in Sources */ = {isa = PBXBuildFile; fileRef = 845FBD22222CA25200F175C5 /* CardRarity.swift */; };
		845FBD24222CA25200F175C5 /* CardRarity.swift in Sources */ = {isa = PBXBuildFile; fileRef = 845FBD22222CA25200F175C5 /* CardRarity.swift */; };
		845FBD25222CA25200F175C5 /* CardRarity.swift in Sources */ = {isa = PBXBuildFile; fileRef = 845FBD22222CA25200F175C5 /* CardRarity.swift */; };
		845FBD26222CA25200F175C5 /* CardRarity.swift in Sources */ = {isa = PBXBuildFile; fileRef = 845FBD22222CA25200F175C5 /* CardRarity.swift */; };
		845FBD27222CA25200F175C5 /* CardRarity.swift in Sources */ = {isa = PBXBuildFile; fileRef = 845FBD22222CA25200F175C5 /* CardRarity.swift */; };
		845FBD29222CA26200F175C5 /* RelatedCard.swift in Sources */ = {isa = PBXBuildFile; fileRef = 845FBD28222CA26200F175C5 /* RelatedCard.swift */; };
		845FBD2A222CA26200F175C5 /* RelatedCard.swift in Sources */ = {isa = PBXBuildFile; fileRef = 845FBD28222CA26200F175C5 /* RelatedCard.swift */; };
		845FBD2B222CA26200F175C5 /* RelatedCard.swift in Sources */ = {isa = PBXBuildFile; fileRef = 845FBD28222CA26200F175C5 /* RelatedCard.swift */; };
		845FBD2C222CA26200F175C5 /* RelatedCard.swift in Sources */ = {isa = PBXBuildFile; fileRef = 845FBD28222CA26200F175C5 /* RelatedCard.swift */; };
		845FBD2D222CA26200F175C5 /* RelatedCard.swift in Sources */ = {isa = PBXBuildFile; fileRef = 845FBD28222CA26200F175C5 /* RelatedCard.swift */; };
		845FBD2F222CA27200F175C5 /* CardFace.swift in Sources */ = {isa = PBXBuildFile; fileRef = 845FBD2E222CA27200F175C5 /* CardFace.swift */; };
		845FBD30222CA27200F175C5 /* CardFace.swift in Sources */ = {isa = PBXBuildFile; fileRef = 845FBD2E222CA27200F175C5 /* CardFace.swift */; };
		845FBD31222CA27200F175C5 /* CardFace.swift in Sources */ = {isa = PBXBuildFile; fileRef = 845FBD2E222CA27200F175C5 /* CardFace.swift */; };
		845FBD32222CA27200F175C5 /* CardFace.swift in Sources */ = {isa = PBXBuildFile; fileRef = 845FBD2E222CA27200F175C5 /* CardFace.swift */; };
		845FBD33222CA27200F175C5 /* CardFace.swift in Sources */ = {isa = PBXBuildFile; fileRef = 845FBD2E222CA27200F175C5 /* CardFace.swift */; };
		845FBD35222CA28D00F175C5 /* CardColor.swift in Sources */ = {isa = PBXBuildFile; fileRef = 845FBD34222CA28D00F175C5 /* CardColor.swift */; };
		845FBD36222CA28D00F175C5 /* CardColor.swift in Sources */ = {isa = PBXBuildFile; fileRef = 845FBD34222CA28D00F175C5 /* CardColor.swift */; };
		845FBD37222CA28D00F175C5 /* CardColor.swift in Sources */ = {isa = PBXBuildFile; fileRef = 845FBD34222CA28D00F175C5 /* CardColor.swift */; };
		845FBD38222CA28D00F175C5 /* CardColor.swift in Sources */ = {isa = PBXBuildFile; fileRef = 845FBD34222CA28D00F175C5 /* CardColor.swift */; };
		845FBD39222CA28D00F175C5 /* CardColor.swift in Sources */ = {isa = PBXBuildFile; fileRef = 845FBD34222CA28D00F175C5 /* CardColor.swift */; };
		847D731920A53E1400FDCDBB /* CardTest0.json in Resources */ = {isa = PBXBuildFile; fileRef = 847D731320A53C8C00FDCDBB /* CardTest0.json */; };
		849DB726222F671200DF3C88 /* Card.swift in Sources */ = {isa = PBXBuildFile; fileRef = 849DB725222F671200DF3C88 /* Card.swift */; };
		849DB727222F671200DF3C88 /* Card.swift in Sources */ = {isa = PBXBuildFile; fileRef = 849DB725222F671200DF3C88 /* Card.swift */; };
		849DB728222F671200DF3C88 /* Card.swift in Sources */ = {isa = PBXBuildFile; fileRef = 849DB725222F671200DF3C88 /* Card.swift */; };
		849DB729222F671200DF3C88 /* Card.swift in Sources */ = {isa = PBXBuildFile; fileRef = 849DB725222F671200DF3C88 /* Card.swift */; };
		849DB72A222F671200DF3C88 /* Card.swift in Sources */ = {isa = PBXBuildFile; fileRef = 849DB725222F671200DF3C88 /* Card.swift */; };
		849DB72D222F7B1F00DF3C88 /* CollectionRequestTests.swift in Sources */ = {isa = PBXBuildFile; fileRef = 849DB72C222F7B1F00DF3C88 /* CollectionRequestTests.swift */; };
		849DB72F222F815E00DF3C88 /* NamedCardSearchRequests.swift in Sources */ = {isa = PBXBuildFile; fileRef = 849DB72E222F815E00DF3C88 /* NamedCardSearchRequests.swift */; };
		849DB730222F815E00DF3C88 /* NamedCardSearchRequests.swift in Sources */ = {isa = PBXBuildFile; fileRef = 849DB72E222F815E00DF3C88 /* NamedCardSearchRequests.swift */; };
		849DB731222F815E00DF3C88 /* NamedCardSearchRequests.swift in Sources */ = {isa = PBXBuildFile; fileRef = 849DB72E222F815E00DF3C88 /* NamedCardSearchRequests.swift */; };
		849DB732222F815E00DF3C88 /* NamedCardSearchRequests.swift in Sources */ = {isa = PBXBuildFile; fileRef = 849DB72E222F815E00DF3C88 /* NamedCardSearchRequests.swift */; };
		849DB733222F815E00DF3C88 /* NamedCardSearchRequests.swift in Sources */ = {isa = PBXBuildFile; fileRef = 849DB72E222F815E00DF3C88 /* NamedCardSearchRequests.swift */; };
		849DB73B22343FCE00DF3C88 /* IdentityCardRequest.swift in Sources */ = {isa = PBXBuildFile; fileRef = 849DB73A22343FCD00DF3C88 /* IdentityCardRequest.swift */; };
		849DB73C22343FCE00DF3C88 /* IdentityCardRequest.swift in Sources */ = {isa = PBXBuildFile; fileRef = 849DB73A22343FCD00DF3C88 /* IdentityCardRequest.swift */; };
		849DB73D22343FCE00DF3C88 /* IdentityCardRequest.swift in Sources */ = {isa = PBXBuildFile; fileRef = 849DB73A22343FCD00DF3C88 /* IdentityCardRequest.swift */; };
		849DB73E22343FCE00DF3C88 /* IdentityCardRequest.swift in Sources */ = {isa = PBXBuildFile; fileRef = 849DB73A22343FCD00DF3C88 /* IdentityCardRequest.swift */; };
		849DB73F22343FCE00DF3C88 /* IdentityCardRequest.swift in Sources */ = {isa = PBXBuildFile; fileRef = 849DB73A22343FCD00DF3C88 /* IdentityCardRequest.swift */; };
		849DB7422234926B00DF3C88 /* SetRequest.swift in Sources */ = {isa = PBXBuildFile; fileRef = 849DB7412234926B00DF3C88 /* SetRequest.swift */; };
		849DB7432234926B00DF3C88 /* SetRequest.swift in Sources */ = {isa = PBXBuildFile; fileRef = 849DB7412234926B00DF3C88 /* SetRequest.swift */; };
		849DB7442234926B00DF3C88 /* SetRequest.swift in Sources */ = {isa = PBXBuildFile; fileRef = 849DB7412234926B00DF3C88 /* SetRequest.swift */; };
		849DB7452234926B00DF3C88 /* SetRequest.swift in Sources */ = {isa = PBXBuildFile; fileRef = 849DB7412234926B00DF3C88 /* SetRequest.swift */; };
		849DB7462234926B00DF3C88 /* SetRequest.swift in Sources */ = {isa = PBXBuildFile; fileRef = 849DB7412234926B00DF3C88 /* SetRequest.swift */; };
		849DB7482234A68D00DF3C88 /* AllCardsRequest.swift in Sources */ = {isa = PBXBuildFile; fileRef = 849DB7472234A68D00DF3C88 /* AllCardsRequest.swift */; };
		849DB7492234A68D00DF3C88 /* AllCardsRequest.swift in Sources */ = {isa = PBXBuildFile; fileRef = 849DB7472234A68D00DF3C88 /* AllCardsRequest.swift */; };
		849DB74A2234A68D00DF3C88 /* AllCardsRequest.swift in Sources */ = {isa = PBXBuildFile; fileRef = 849DB7472234A68D00DF3C88 /* AllCardsRequest.swift */; };
		849DB74B2234A68D00DF3C88 /* AllCardsRequest.swift in Sources */ = {isa = PBXBuildFile; fileRef = 849DB7472234A68D00DF3C88 /* AllCardsRequest.swift */; };
		849DB74C2234A68D00DF3C88 /* AllCardsRequest.swift in Sources */ = {isa = PBXBuildFile; fileRef = 849DB7472234A68D00DF3C88 /* AllCardsRequest.swift */; };
		849DB74E2234A74400DF3C88 /* FormatResponse.swift in Sources */ = {isa = PBXBuildFile; fileRef = 849DB74D2234A74400DF3C88 /* FormatResponse.swift */; };
		849DB74F2234A74400DF3C88 /* FormatResponse.swift in Sources */ = {isa = PBXBuildFile; fileRef = 849DB74D2234A74400DF3C88 /* FormatResponse.swift */; };
		849DB7502234A74400DF3C88 /* FormatResponse.swift in Sources */ = {isa = PBXBuildFile; fileRef = 849DB74D2234A74400DF3C88 /* FormatResponse.swift */; };
		849DB7512234A74400DF3C88 /* FormatResponse.swift in Sources */ = {isa = PBXBuildFile; fileRef = 849DB74D2234A74400DF3C88 /* FormatResponse.swift */; };
		849DB7522234A74400DF3C88 /* FormatResponse.swift in Sources */ = {isa = PBXBuildFile; fileRef = 849DB74D2234A74400DF3C88 /* FormatResponse.swift */; };
		849DB7542234B41B00DF3C88 /* SearchIdentifier.swift in Sources */ = {isa = PBXBuildFile; fileRef = 849DB7532234B41B00DF3C88 /* SearchIdentifier.swift */; };
		849DB7552234B41B00DF3C88 /* SearchIdentifier.swift in Sources */ = {isa = PBXBuildFile; fileRef = 849DB7532234B41B00DF3C88 /* SearchIdentifier.swift */; };
		849DB7562234B41B00DF3C88 /* SearchIdentifier.swift in Sources */ = {isa = PBXBuildFile; fileRef = 849DB7532234B41B00DF3C88 /* SearchIdentifier.swift */; };
		849DB7572234B41B00DF3C88 /* SearchIdentifier.swift in Sources */ = {isa = PBXBuildFile; fileRef = 849DB7532234B41B00DF3C88 /* SearchIdentifier.swift */; };
		849DB7582234B41B00DF3C88 /* SearchIdentifier.swift in Sources */ = {isa = PBXBuildFile; fileRef = 849DB7532234B41B00DF3C88 /* SearchIdentifier.swift */; };
		849DB75B2234B43E00DF3C88 /* RulingsRequest.swift in Sources */ = {isa = PBXBuildFile; fileRef = 849DB75A2234B43E00DF3C88 /* RulingsRequest.swift */; };
		849DB75C2234B43E00DF3C88 /* RulingsRequest.swift in Sources */ = {isa = PBXBuildFile; fileRef = 849DB75A2234B43E00DF3C88 /* RulingsRequest.swift */; };
		849DB75D2234B43E00DF3C88 /* RulingsRequest.swift in Sources */ = {isa = PBXBuildFile; fileRef = 849DB75A2234B43E00DF3C88 /* RulingsRequest.swift */; };
		849DB75E2234B43E00DF3C88 /* RulingsRequest.swift in Sources */ = {isa = PBXBuildFile; fileRef = 849DB75A2234B43E00DF3C88 /* RulingsRequest.swift */; };
		849DB75F2234B43E00DF3C88 /* RulingsRequest.swift in Sources */ = {isa = PBXBuildFile; fileRef = 849DB75A2234B43E00DF3C88 /* RulingsRequest.swift */; };
		849DB7612234C51400DF3C88 /* Symbology.swift in Sources */ = {isa = PBXBuildFile; fileRef = 849DB7602234C51400DF3C88 /* Symbology.swift */; };
		849DB7622234C51400DF3C88 /* Symbology.swift in Sources */ = {isa = PBXBuildFile; fileRef = 849DB7602234C51400DF3C88 /* Symbology.swift */; };
		849DB7632234C51400DF3C88 /* Symbology.swift in Sources */ = {isa = PBXBuildFile; fileRef = 849DB7602234C51400DF3C88 /* Symbology.swift */; };
		849DB7642234C51400DF3C88 /* Symbology.swift in Sources */ = {isa = PBXBuildFile; fileRef = 849DB7602234C51400DF3C88 /* Symbology.swift */; };
		849DB7652234C51400DF3C88 /* Symbology.swift in Sources */ = {isa = PBXBuildFile; fileRef = 849DB7602234C51400DF3C88 /* Symbology.swift */; };
		84BF792120B38D6300AB7EC3 /* CardTest1.json in Resources */ = {isa = PBXBuildFile; fileRef = 84BF792020B38D6300AB7EC3 /* CardTest1.json */; };
		84D4F99C20FC43FF00EBF4A3 /* CardRuling.swift in Sources */ = {isa = PBXBuildFile; fileRef = 84D4F99B20FC43FF00EBF4A3 /* CardRuling.swift */; };
		84D4F99D20FC43FF00EBF4A3 /* CardRuling.swift in Sources */ = {isa = PBXBuildFile; fileRef = 84D4F99B20FC43FF00EBF4A3 /* CardRuling.swift */; };
		84D4F99E20FC43FF00EBF4A3 /* CardRuling.swift in Sources */ = {isa = PBXBuildFile; fileRef = 84D4F99B20FC43FF00EBF4A3 /* CardRuling.swift */; };
		84D4F99F20FC43FF00EBF4A3 /* CardRuling.swift in Sources */ = {isa = PBXBuildFile; fileRef = 84D4F99B20FC43FF00EBF4A3 /* CardRuling.swift */; };
		84D4F9A020FC43FF00EBF4A3 /* CardRuling.swift in Sources */ = {isa = PBXBuildFile; fileRef = 84D4F99B20FC43FF00EBF4A3 /* CardRuling.swift */; };
		84D4F9A320FC465900EBF4A3 /* RulingsTest.json in Resources */ = {isa = PBXBuildFile; fileRef = 84D4F9A220FC465900EBF4A3 /* RulingsTest.json */; };
		84D4F9A520FD60C400EBF4A3 /* Imagery.swift in Sources */ = {isa = PBXBuildFile; fileRef = 84D4F9A420FD60C400EBF4A3 /* Imagery.swift */; };
		84D4F9A620FD60C400EBF4A3 /* Imagery.swift in Sources */ = {isa = PBXBuildFile; fileRef = 84D4F9A420FD60C400EBF4A3 /* Imagery.swift */; };
		84D4F9A720FD60C400EBF4A3 /* Imagery.swift in Sources */ = {isa = PBXBuildFile; fileRef = 84D4F9A420FD60C400EBF4A3 /* Imagery.swift */; };
		84D4F9A820FD60C400EBF4A3 /* Imagery.swift in Sources */ = {isa = PBXBuildFile; fileRef = 84D4F9A420FD60C400EBF4A3 /* Imagery.swift */; };
		84D4F9A920FD60C400EBF4A3 /* Imagery.swift in Sources */ = {isa = PBXBuildFile; fileRef = 84D4F9A420FD60C400EBF4A3 /* Imagery.swift */; };
		84E9F98420A285F900A3DD1D /* ScryfallSwiftTests.swift in Sources */ = {isa = PBXBuildFile; fileRef = 84E9F98320A285F900A3DD1D /* ScryfallSwiftTests.swift */; };
		84E9F98620A285F900A3DD1D /* ScryfallSwift.framework in Frameworks */ = {isa = PBXBuildFile; fileRef = 8429B4CC208832F8001B6BB7 /* ScryfallSwift.framework */; };
/* End PBXBuildFile section */

/* Begin PBXContainerItemProxy section */
		84E9F98720A285F900A3DD1D /* PBXContainerItemProxy */ = {
			isa = PBXContainerItemProxy;
			containerPortal = 8429B499208832CA001B6BB7 /* Project object */;
			proxyType = 1;
			remoteGlobalIDString = 8429B4CB208832F8001B6BB7;
			remoteInfo = "ScryfallSwift macOS";
		};
/* End PBXContainerItemProxy section */

/* Begin PBXFileReference section */
		4A77BE7920B5C52D00166150 /* CardSet.swift */ = {isa = PBXFileReference; lastKnownFileType = sourcecode.swift; path = CardSet.swift; sourceTree = "<group>"; };
		4ABB6C3620B5C95A0077F7BE /* SetsTest.json */ = {isa = PBXFileReference; lastKnownFileType = text.json; path = SetsTest.json; sourceTree = "<group>"; };
		4AC77072211A24F20055D5B3 /* CardTest5.json */ = {isa = PBXFileReference; lastKnownFileType = text.json; path = CardTest5.json; sourceTree = "<group>"; };
		4AE55A4D2113963A00D4A492 /* CardTest4.json */ = {isa = PBXFileReference; lastKnownFileType = text.json; path = CardTest4.json; sourceTree = "<group>"; };
		840DBB8921191C5E0001B28E /* CardLegality.swift */ = {isa = PBXFileReference; lastKnownFileType = sourcecode.swift; path = CardLegality.swift; sourceTree = "<group>"; };
		8429B4A4208832D8001B6BB7 /* ScryfallSwift.framework */ = {isa = PBXFileReference; explicitFileType = wrapper.framework; includeInIndex = 0; path = ScryfallSwift.framework; sourceTree = BUILT_PRODUCTS_DIR; };
		8429B4B2208832E2001B6BB7 /* ScryfallSwift.framework */ = {isa = PBXFileReference; explicitFileType = wrapper.framework; includeInIndex = 0; path = ScryfallSwift.framework; sourceTree = BUILT_PRODUCTS_DIR; };
		8429B4BF208832EC001B6BB7 /* ScryfallSwift.framework */ = {isa = PBXFileReference; explicitFileType = wrapper.framework; includeInIndex = 0; path = ScryfallSwift.framework; sourceTree = BUILT_PRODUCTS_DIR; };
		8429B4CC208832F8001B6BB7 /* ScryfallSwift.framework */ = {isa = PBXFileReference; explicitFileType = wrapper.framework; includeInIndex = 0; path = ScryfallSwift.framework; sourceTree = BUILT_PRODUCTS_DIR; };
		8429B4D520883349001B6BB7 /* Info-tvOS.plist */ = {isa = PBXFileReference; lastKnownFileType = text.plist.xml; path = "Info-tvOS.plist"; sourceTree = "<group>"; };
		8429B4D620883349001B6BB7 /* Info-iOS.plist */ = {isa = PBXFileReference; lastKnownFileType = text.plist.xml; path = "Info-iOS.plist"; sourceTree = "<group>"; };
		8429B4D720883349001B6BB7 /* Info-watchOS.plist */ = {isa = PBXFileReference; lastKnownFileType = text.plist.xml; path = "Info-watchOS.plist"; sourceTree = "<group>"; };
		8429B4D820883349001B6BB7 /* Info-macOS.plist */ = {isa = PBXFileReference; lastKnownFileType = text.plist.xml; path = "Info-macOS.plist"; sourceTree = "<group>"; };
		8429B4D920883446001B6BB7 /* ScryfallSwift.h */ = {isa = PBXFileReference; fileEncoding = 4; lastKnownFileType = sourcecode.c.h; path = ScryfallSwift.h; sourceTree = "<group>"; };
		8429B4DE2088349F001B6BB7 /* Package.swift */ = {isa = PBXFileReference; lastKnownFileType = sourcecode.swift; path = Package.swift; sourceTree = "<group>"; };
		842EE30D2173F19F007DC1B8 /* APIRequest.swift */ = {isa = PBXFileReference; lastKnownFileType = sourcecode.swift; path = APIRequest.swift; sourceTree = "<group>"; };
		842EE31421743B09007DC1B8 /* AllSetsRequest.swift */ = {isa = PBXFileReference; lastKnownFileType = sourcecode.swift; path = AllSetsRequest.swift; sourceTree = "<group>"; };
		842EE31A217441CD007DC1B8 /* BaseAPIClient.swift */ = {isa = PBXFileReference; fileEncoding = 4; lastKnownFileType = sourcecode.swift; path = BaseAPIClient.swift; sourceTree = "<group>"; };
		842EE320217442FD007DC1B8 /* CardsRequests.swift */ = {isa = PBXFileReference; lastKnownFileType = sourcecode.swift; path = CardsRequests.swift; sourceTree = "<group>"; };
		842EE32621744371007DC1B8 /* APIClientTests.swift */ = {isa = PBXFileReference; lastKnownFileType = sourcecode.swift; path = APIClientTests.swift; sourceTree = "<group>"; };
		842EE328218024B8007DC1B8 /* Catalog.swift */ = {isa = PBXFileReference; lastKnownFileType = sourcecode.swift; path = Catalog.swift; sourceTree = "<group>"; };
		842EE32F2180259C007DC1B8 /* AutocompleteRequest.swift */ = {isa = PBXFileReference; lastKnownFileType = sourcecode.swift; path = AutocompleteRequest.swift; sourceTree = "<group>"; };
		842EE335218028C5007DC1B8 /* RandomCardRequest.swift */ = {isa = PBXFileReference; lastKnownFileType = sourcecode.swift; path = RandomCardRequest.swift; sourceTree = "<group>"; };
		8445F7CE20FC35FA006DA2AC /* CardTest3.json */ = {isa = PBXFileReference; fileEncoding = 4; lastKnownFileType = text.json; path = CardTest3.json; sourceTree = "<group>"; };
		8445F7CF20FC35FA006DA2AC /* CardTest2.json */ = {isa = PBXFileReference; fileEncoding = 4; lastKnownFileType = text.json; path = CardTest2.json; sourceTree = "<group>"; };
		844A9D722198EDDA00F19E2E /* CollectionRequest.swift */ = {isa = PBXFileReference; lastKnownFileType = sourcecode.swift; path = CollectionRequest.swift; sourceTree = "<group>"; };
		844A9D782198EE1200F19E2E /* CollectionCardIdentifier.swift */ = {isa = PBXFileReference; lastKnownFileType = sourcecode.swift; path = CollectionCardIdentifier.swift; sourceTree = "<group>"; };
		84525B99214899FB0088A9E2 /* SymbologyTest.json */ = {isa = PBXFileReference; lastKnownFileType = text.json; path = SymbologyTest.json; sourceTree = "<group>"; };
		84525B9B21489A760088A9E2 /* CardSymbol.swift */ = {isa = PBXFileReference; lastKnownFileType = sourcecode.swift; path = CardSymbol.swift; sourceTree = "<group>"; };
		84525BA2214B4E240088A9E2 /* ScryfallError.swift */ = {isa = PBXFileReference; lastKnownFileType = sourcecode.swift; path = ScryfallError.swift; sourceTree = "<group>"; };
		84525BA8214B4F060088A9E2 /* List.swift */ = {isa = PBXFileReference; lastKnownFileType = sourcecode.swift; path = List.swift; sourceTree = "<group>"; };
		84525BB5214B5B300088A9E2 /* ListTest0.json */ = {isa = PBXFileReference; lastKnownFileType = text.json; path = ListTest0.json; sourceTree = "<group>"; };
		84525BBB2151CAF00088A9E2 /* ListTest1.json */ = {isa = PBXFileReference; lastKnownFileType = text.json; path = ListTest1.json; sourceTree = "<group>"; };
		84525BC12151D6800088A9E2 /* ListTest2.json */ = {isa = PBXFileReference; lastKnownFileType = text.json; path = ListTest2.json; sourceTree = "<group>"; };
		84525BC72151D8DD0088A9E2 /* ListTest3.json */ = {isa = PBXFileReference; lastKnownFileType = text.json; path = ListTest3.json; sourceTree = "<group>"; };
		84525BC92151D9340088A9E2 /* ListTest4.json */ = {isa = PBXFileReference; lastKnownFileType = text.json; path = ListTest4.json; sourceTree = "<group>"; };
		845FBD0A222637F000F175C5 /* CardPrice.swift */ = {isa = PBXFileReference; lastKnownFileType = sourcecode.swift; path = CardPrice.swift; sourceTree = "<group>"; };
		845FBD10222C92FD00F175C5 /* CardLayout.swift */ = {isa = PBXFileReference; lastKnownFileType = sourcecode.swift; path = CardLayout.swift; sourceTree = "<group>"; };
		845FBD16222CA22200F175C5 /* CardFrameEffect.swift */ = {isa = PBXFileReference; lastKnownFileType = sourcecode.swift; path = CardFrameEffect.swift; sourceTree = "<group>"; };
		845FBD1C222CA24200F175C5 /* CardGame.swift */ = {isa = PBXFileReference; lastKnownFileType = sourcecode.swift; path = CardGame.swift; sourceTree = "<group>"; };
		845FBD22222CA25200F175C5 /* CardRarity.swift */ = {isa = PBXFileReference; lastKnownFileType = sourcecode.swift; path = CardRarity.swift; sourceTree = "<group>"; };
		845FBD28222CA26200F175C5 /* RelatedCard.swift */ = {isa = PBXFileReference; lastKnownFileType = sourcecode.swift; path = RelatedCard.swift; sourceTree = "<group>"; };
		845FBD2E222CA27200F175C5 /* CardFace.swift */ = {isa = PBXFileReference; lastKnownFileType = sourcecode.swift; path = CardFace.swift; sourceTree = "<group>"; };
		845FBD34222CA28D00F175C5 /* CardColor.swift */ = {isa = PBXFileReference; lastKnownFileType = sourcecode.swift; path = CardColor.swift; sourceTree = "<group>"; };
		847D731320A53C8C00FDCDBB /* CardTest0.json */ = {isa = PBXFileReference; fileEncoding = 4; lastKnownFileType = text.json; name = CardTest0.json; path = "ScryfallSwiftTests/Test json files/Cards/CardTest0.json"; sourceTree = SOURCE_ROOT; };
		849DB725222F671200DF3C88 /* Card.swift */ = {isa = PBXFileReference; fileEncoding = 4; lastKnownFileType = sourcecode.swift; path = Card.swift; sourceTree = "<group>"; };
		849DB72C222F7B1F00DF3C88 /* CollectionRequestTests.swift */ = {isa = PBXFileReference; lastKnownFileType = sourcecode.swift; path = CollectionRequestTests.swift; sourceTree = "<group>"; };
		849DB72E222F815E00DF3C88 /* NamedCardSearchRequests.swift */ = {isa = PBXFileReference; lastKnownFileType = sourcecode.swift; path = NamedCardSearchRequests.swift; sourceTree = "<group>"; };
		849DB73A22343FCD00DF3C88 /* IdentityCardRequest.swift */ = {isa = PBXFileReference; lastKnownFileType = sourcecode.swift; path = IdentityCardRequest.swift; sourceTree = "<group>"; };
		849DB7412234926B00DF3C88 /* SetRequest.swift */ = {isa = PBXFileReference; lastKnownFileType = sourcecode.swift; path = SetRequest.swift; sourceTree = "<group>"; };
		849DB7472234A68D00DF3C88 /* AllCardsRequest.swift */ = {isa = PBXFileReference; lastKnownFileType = sourcecode.swift; path = AllCardsRequest.swift; sourceTree = "<group>"; };
		849DB74D2234A74400DF3C88 /* FormatResponse.swift */ = {isa = PBXFileReference; lastKnownFileType = sourcecode.swift; path = FormatResponse.swift; sourceTree = "<group>"; };
		849DB7532234B41B00DF3C88 /* SearchIdentifier.swift */ = {isa = PBXFileReference; lastKnownFileType = sourcecode.swift; path = SearchIdentifier.swift; sourceTree = "<group>"; };
		849DB75A2234B43E00DF3C88 /* RulingsRequest.swift */ = {isa = PBXFileReference; lastKnownFileType = sourcecode.swift; path = RulingsRequest.swift; sourceTree = "<group>"; };
		849DB7602234C51400DF3C88 /* Symbology.swift */ = {isa = PBXFileReference; lastKnownFileType = sourcecode.swift; path = Symbology.swift; sourceTree = "<group>"; };
		84BF792020B38D6300AB7EC3 /* CardTest1.json */ = {isa = PBXFileReference; lastKnownFileType = text.json; path = CardTest1.json; sourceTree = "<group>"; };
		84D4F99B20FC43FF00EBF4A3 /* CardRuling.swift */ = {isa = PBXFileReference; lastKnownFileType = sourcecode.swift; path = CardRuling.swift; sourceTree = "<group>"; };
		84D4F9A220FC465900EBF4A3 /* RulingsTest.json */ = {isa = PBXFileReference; lastKnownFileType = text.json; path = RulingsTest.json; sourceTree = "<group>"; };
		84D4F9A420FD60C400EBF4A3 /* Imagery.swift */ = {isa = PBXFileReference; lastKnownFileType = sourcecode.swift; path = Imagery.swift; sourceTree = "<group>"; };
		84E9F98120A285F900A3DD1D /* ScryfallSwiftTests.xctest */ = {isa = PBXFileReference; explicitFileType = wrapper.cfbundle; includeInIndex = 0; path = ScryfallSwiftTests.xctest; sourceTree = BUILT_PRODUCTS_DIR; };
		84E9F98320A285F900A3DD1D /* ScryfallSwiftTests.swift */ = {isa = PBXFileReference; lastKnownFileType = sourcecode.swift; path = ScryfallSwiftTests.swift; sourceTree = "<group>"; };
		84E9F98520A285F900A3DD1D /* Info.plist */ = {isa = PBXFileReference; lastKnownFileType = text.plist.xml; path = Info.plist; sourceTree = "<group>"; };
/* End PBXFileReference section */

/* Begin PBXFrameworksBuildPhase section */
		8429B4A0208832D8001B6BB7 /* Frameworks */ = {
			isa = PBXFrameworksBuildPhase;
			buildActionMask = 2147483647;
			files = (
			);
			runOnlyForDeploymentPostprocessing = 0;
		};
		8429B4AE208832E2001B6BB7 /* Frameworks */ = {
			isa = PBXFrameworksBuildPhase;
			buildActionMask = 2147483647;
			files = (
			);
			runOnlyForDeploymentPostprocessing = 0;
		};
		8429B4BB208832EC001B6BB7 /* Frameworks */ = {
			isa = PBXFrameworksBuildPhase;
			buildActionMask = 2147483647;
			files = (
			);
			runOnlyForDeploymentPostprocessing = 0;
		};
		8429B4C8208832F8001B6BB7 /* Frameworks */ = {
			isa = PBXFrameworksBuildPhase;
			buildActionMask = 2147483647;
			files = (
			);
			runOnlyForDeploymentPostprocessing = 0;
		};
		84E9F97E20A285F900A3DD1D /* Frameworks */ = {
			isa = PBXFrameworksBuildPhase;
			buildActionMask = 2147483647;
			files = (
				84E9F98620A285F900A3DD1D /* ScryfallSwift.framework in Frameworks */,
			);
			runOnlyForDeploymentPostprocessing = 0;
		};
/* End PBXFrameworksBuildPhase section */

/* Begin PBXGroup section */
		4ABB6C3520B5C93E0077F7BE /* Sets */ = {
			isa = PBXGroup;
			children = (
				4ABB6C3620B5C95A0077F7BE /* SetsTest.json */,
			);
			path = Sets;
			sourceTree = "<group>";
		};
		4AD61BD7215568EA006C739E /* API Managers */ = {
			isa = PBXGroup;
			children = (
				842EE31A217441CD007DC1B8 /* BaseAPIClient.swift */,
			);
			path = "API Managers";
			sourceTree = "<group>";
		};
		8429B498208832CA001B6BB7 = {
			isa = PBXGroup;
			children = (
				8429B4D42088330C001B6BB7 /* Sources */,
				84E9F98220A285F900A3DD1D /* ScryfallSwiftTests */,
				8429B4A5208832D8001B6BB7 /* Products */,
			);
			sourceTree = "<group>";
		};
		8429B4A5208832D8001B6BB7 /* Products */ = {
			isa = PBXGroup;
			children = (
				8429B4A4208832D8001B6BB7 /* ScryfallSwift.framework */,
				8429B4B2208832E2001B6BB7 /* ScryfallSwift.framework */,
				8429B4BF208832EC001B6BB7 /* ScryfallSwift.framework */,
				8429B4CC208832F8001B6BB7 /* ScryfallSwift.framework */,
				84E9F98120A285F900A3DD1D /* ScryfallSwiftTests.xctest */,
			);
			name = Products;
			sourceTree = "<group>";
		};
		8429B4D42088330C001B6BB7 /* Sources */ = {
			isa = PBXGroup;
			children = (
				84525BA1214B4E020088A9E2 /* Classes */,
				8429B4E820A2723E001B6BB7 /* Model */,
				8429B4D920883446001B6BB7 /* ScryfallSwift.h */,
				8429B4D620883349001B6BB7 /* Info-iOS.plist */,
				8429B4D820883349001B6BB7 /* Info-macOS.plist */,
				8429B4D520883349001B6BB7 /* Info-tvOS.plist */,
				8429B4D720883349001B6BB7 /* Info-watchOS.plist */,
				8429B4DE2088349F001B6BB7 /* Package.swift */,
			);
			path = Sources;
			sourceTree = "<group>";
		};
		8429B4E820A2723E001B6BB7 /* Model */ = {
			isa = PBXGroup;
			children = (
				845FBD3A222CA29F00F175C5 /* Card & its entities */,
				84D4F99B20FC43FF00EBF4A3 /* CardRuling.swift */,
				4A77BE7920B5C52D00166150 /* CardSet.swift */,
				842EE328218024B8007DC1B8 /* Catalog.swift */,
				844A9D782198EE1200F19E2E /* CollectionCardIdentifier.swift */,
				84D4F9A420FD60C400EBF4A3 /* Imagery.swift */,
				849DB7602234C51400DF3C88 /* Symbology.swift */,
			);
			path = Model;
			sourceTree = "<group>";
		};
		842EE31321743AE3007DC1B8 /* Requests */ = {
			isa = PBXGroup;
			children = (
				849DB7592234B43000DF3C88 /* Rulings */,
				849DB740223490EC00DF3C88 /* Sets */,
				842EE32E2180258D007DC1B8 /* Cards */,
				842EE30D2173F19F007DC1B8 /* APIRequest.swift */,
				849DB7532234B41B00DF3C88 /* SearchIdentifier.swift */,
			);
			path = Requests;
			sourceTree = "<group>";
		};
		842EE32E2180258D007DC1B8 /* Cards */ = {
			isa = PBXGroup;
			children = (
				849DB7472234A68D00DF3C88 /* AllCardsRequest.swift */,
				842EE32F2180259C007DC1B8 /* AutocompleteRequest.swift */,
				842EE320217442FD007DC1B8 /* CardsRequests.swift */,
				844A9D722198EDDA00F19E2E /* CollectionRequest.swift */,
				849DB73A22343FCD00DF3C88 /* IdentityCardRequest.swift */,
				849DB72E222F815E00DF3C88 /* NamedCardSearchRequests.swift */,
				842EE335218028C5007DC1B8 /* RandomCardRequest.swift */,
			);
			path = Cards;
			sourceTree = "<group>";
		};
		84525B98214899E70088A9E2 /* Symbology */ = {
			isa = PBXGroup;
			children = (
				84525B99214899FB0088A9E2 /* SymbologyTest.json */,
			);
			path = Symbology;
			sourceTree = "<group>";
		};
		84525BA1214B4E020088A9E2 /* Classes */ = {
			isa = PBXGroup;
			children = (
				842EE31321743AE3007DC1B8 /* Requests */,
				4AD61BD7215568EA006C739E /* API Managers */,
				84525BA2214B4E240088A9E2 /* ScryfallError.swift */,
				84525BA8214B4F060088A9E2 /* List.swift */,
				849DB74D2234A74400DF3C88 /* FormatResponse.swift */,
			);
			path = Classes;
			sourceTree = "<group>";
		};
		84525BB4214B5B1F0088A9E2 /* List */ = {
			isa = PBXGroup;
			children = (
				84525BB5214B5B300088A9E2 /* ListTest0.json */,
				84525BBB2151CAF00088A9E2 /* ListTest1.json */,
				84525BC12151D6800088A9E2 /* ListTest2.json */,
				84525BC72151D8DD0088A9E2 /* ListTest3.json */,
				84525BC92151D9340088A9E2 /* ListTest4.json */,
			);
			path = List;
			sourceTree = "<group>";
		};
		845FBD3A222CA29F00F175C5 /* Card & its entities */ = {
			isa = PBXGroup;
			children = (
				849DB725222F671200DF3C88 /* Card.swift */,
				845FBD34222CA28D00F175C5 /* CardColor.swift */,
				845FBD2E222CA27200F175C5 /* CardFace.swift */,
				845FBD16222CA22200F175C5 /* CardFrameEffect.swift */,
				845FBD1C222CA24200F175C5 /* CardGame.swift */,
				845FBD10222C92FD00F175C5 /* CardLayout.swift */,
				840DBB8921191C5E0001B28E /* CardLegality.swift */,
				845FBD0A222637F000F175C5 /* CardPrice.swift */,
				845FBD22222CA25200F175C5 /* CardRarity.swift */,
				84525B9B21489A760088A9E2 /* CardSymbol.swift */,
				845FBD28222CA26200F175C5 /* RelatedCard.swift */,
			);
			path = "Card & its entities";
			sourceTree = "<group>";
		};
		8489986420DB16D30057BA7C /* Cards */ = {
			isa = PBXGroup;
			children = (
				847D731320A53C8C00FDCDBB /* CardTest0.json */,
				84BF792020B38D6300AB7EC3 /* CardTest1.json */,
				8445F7CF20FC35FA006DA2AC /* CardTest2.json */,
				8445F7CE20FC35FA006DA2AC /* CardTest3.json */,
				4AE55A4D2113963A00D4A492 /* CardTest4.json */,
				4AC77072211A24F20055D5B3 /* CardTest5.json */,
			);
			path = Cards;
			sourceTree = "<group>";
		};
		849DB72B222F7AFF00DF3C88 /* API Client Tests */ = {
			isa = PBXGroup;
			children = (
				842EE32621744371007DC1B8 /* APIClientTests.swift */,
				849DB72C222F7B1F00DF3C88 /* CollectionRequestTests.swift */,
			);
			path = "API Client Tests";
			sourceTree = "<group>";
		};
		849DB740223490EC00DF3C88 /* Sets */ = {
			isa = PBXGroup;
			children = (
				842EE31421743B09007DC1B8 /* AllSetsRequest.swift */,
				849DB7412234926B00DF3C88 /* SetRequest.swift */,
			);
			path = Sets;
			sourceTree = "<group>";
		};
		849DB7592234B43000DF3C88 /* Rulings */ = {
			isa = PBXGroup;
			children = (
				849DB75A2234B43E00DF3C88 /* RulingsRequest.swift */,
			);
			path = Rulings;
			sourceTree = "<group>";
		};
		84BF791F20B38D3B00AB7EC3 /* Test json files */ = {
			isa = PBXGroup;
			children = (
				84525BB4214B5B1F0088A9E2 /* List */,
				84525B98214899E70088A9E2 /* Symbology */,
				84D4F9A120FC464000EBF4A3 /* Rulings */,
				8489986420DB16D30057BA7C /* Cards */,
				4ABB6C3520B5C93E0077F7BE /* Sets */,
			);
			path = "Test json files";
			sourceTree = "<group>";
		};
		84D4F9A120FC464000EBF4A3 /* Rulings */ = {
			isa = PBXGroup;
			children = (
				84D4F9A220FC465900EBF4A3 /* RulingsTest.json */,
			);
			path = Rulings;
			sourceTree = "<group>";
		};
		84E9F98220A285F900A3DD1D /* ScryfallSwiftTests */ = {
			isa = PBXGroup;
			children = (
				849DB72B222F7AFF00DF3C88 /* API Client Tests */,
				84BF791F20B38D3B00AB7EC3 /* Test json files */,
				84E9F98320A285F900A3DD1D /* ScryfallSwiftTests.swift */,
				84E9F98520A285F900A3DD1D /* Info.plist */,
			);
			path = ScryfallSwiftTests;
			sourceTree = "<group>";
		};
/* End PBXGroup section */

/* Begin PBXHeadersBuildPhase section */
		8429B4A1208832D8001B6BB7 /* Headers */ = {
			isa = PBXHeadersBuildPhase;
			buildActionMask = 2147483647;
			files = (
				8429B4DA20883446001B6BB7 /* ScryfallSwift.h in Headers */,
			);
			runOnlyForDeploymentPostprocessing = 0;
		};
		8429B4AF208832E2001B6BB7 /* Headers */ = {
			isa = PBXHeadersBuildPhase;
			buildActionMask = 2147483647;
			files = (
				8429B4DB20883446001B6BB7 /* ScryfallSwift.h in Headers */,
			);
			runOnlyForDeploymentPostprocessing = 0;
		};
		8429B4BC208832EC001B6BB7 /* Headers */ = {
			isa = PBXHeadersBuildPhase;
			buildActionMask = 2147483647;
			files = (
				8429B4DC20883446001B6BB7 /* ScryfallSwift.h in Headers */,
			);
			runOnlyForDeploymentPostprocessing = 0;
		};
		8429B4C9208832F8001B6BB7 /* Headers */ = {
			isa = PBXHeadersBuildPhase;
			buildActionMask = 2147483647;
			files = (
				8429B4DD20883446001B6BB7 /* ScryfallSwift.h in Headers */,
			);
			runOnlyForDeploymentPostprocessing = 0;
		};
/* End PBXHeadersBuildPhase section */

/* Begin PBXNativeTarget section */
		8429B4A3208832D8001B6BB7 /* ScryfallSwift iOS */ = {
			isa = PBXNativeTarget;
			buildConfigurationList = 8429B4AA208832D8001B6BB7 /* Build configuration list for PBXNativeTarget "ScryfallSwift iOS" */;
			buildPhases = (
				8429B49F208832D8001B6BB7 /* Sources */,
				8429B4A0208832D8001B6BB7 /* Frameworks */,
				8429B4A1208832D8001B6BB7 /* Headers */,
				8429B4A2208832D8001B6BB7 /* Resources */,
			);
			buildRules = (
			);
			dependencies = (
			);
			name = "ScryfallSwift iOS";
			productName = "ScryfallSwift iOS";
			productReference = 8429B4A4208832D8001B6BB7 /* ScryfallSwift.framework */;
			productType = "com.apple.product-type.framework";
		};
		8429B4B1208832E2001B6BB7 /* ScryfallSwift watchOS */ = {
			isa = PBXNativeTarget;
			buildConfigurationList = 8429B4B7208832E2001B6BB7 /* Build configuration list for PBXNativeTarget "ScryfallSwift watchOS" */;
			buildPhases = (
				8429B4AD208832E2001B6BB7 /* Sources */,
				8429B4AE208832E2001B6BB7 /* Frameworks */,
				8429B4AF208832E2001B6BB7 /* Headers */,
				8429B4B0208832E2001B6BB7 /* Resources */,
			);
			buildRules = (
			);
			dependencies = (
			);
			name = "ScryfallSwift watchOS";
			productName = "ScryfallSwift watchOS";
			productReference = 8429B4B2208832E2001B6BB7 /* ScryfallSwift.framework */;
			productType = "com.apple.product-type.framework";
		};
		8429B4BE208832EC001B6BB7 /* ScryfallSwift tvOS */ = {
			isa = PBXNativeTarget;
			buildConfigurationList = 8429B4C4208832EC001B6BB7 /* Build configuration list for PBXNativeTarget "ScryfallSwift tvOS" */;
			buildPhases = (
				8429B4BA208832EC001B6BB7 /* Sources */,
				8429B4BB208832EC001B6BB7 /* Frameworks */,
				8429B4BC208832EC001B6BB7 /* Headers */,
				8429B4BD208832EC001B6BB7 /* Resources */,
			);
			buildRules = (
			);
			dependencies = (
			);
			name = "ScryfallSwift tvOS";
			productName = "ScryfallSwift tvOS";
			productReference = 8429B4BF208832EC001B6BB7 /* ScryfallSwift.framework */;
			productType = "com.apple.product-type.framework";
		};
		8429B4CB208832F8001B6BB7 /* ScryfallSwift macOS */ = {
			isa = PBXNativeTarget;
			buildConfigurationList = 8429B4D1208832F9001B6BB7 /* Build configuration list for PBXNativeTarget "ScryfallSwift macOS" */;
			buildPhases = (
				8429B4C7208832F8001B6BB7 /* Sources */,
				8429B4C8208832F8001B6BB7 /* Frameworks */,
				8429B4C9208832F8001B6BB7 /* Headers */,
				8429B4CA208832F8001B6BB7 /* Resources */,
			);
			buildRules = (
			);
			dependencies = (
			);
			name = "ScryfallSwift macOS";
			productName = "ScryfallSwift macOS";
			productReference = 8429B4CC208832F8001B6BB7 /* ScryfallSwift.framework */;
			productType = "com.apple.product-type.framework";
		};
		84E9F98020A285F900A3DD1D /* ScryfallSwiftTests */ = {
			isa = PBXNativeTarget;
			buildConfigurationList = 84E9F98920A285F900A3DD1D /* Build configuration list for PBXNativeTarget "ScryfallSwiftTests" */;
			buildPhases = (
				84E9F97D20A285F900A3DD1D /* Sources */,
				84E9F97E20A285F900A3DD1D /* Frameworks */,
				84E9F97F20A285F900A3DD1D /* Resources */,
			);
			buildRules = (
			);
			dependencies = (
				84E9F98820A285F900A3DD1D /* PBXTargetDependency */,
			);
			name = ScryfallSwiftTests;
			productName = ScryfallSwiftTests;
			productReference = 84E9F98120A285F900A3DD1D /* ScryfallSwiftTests.xctest */;
			productType = "com.apple.product-type.bundle.unit-test";
		};
/* End PBXNativeTarget section */

/* Begin PBXProject section */
		8429B499208832CA001B6BB7 /* Project object */ = {
			isa = PBXProject;
			attributes = {
				LastSwiftUpdateCheck = 0920;
				LastUpgradeCheck = 1000;
				TargetAttributes = {
					8429B4A3208832D8001B6BB7 = {
						CreatedOnToolsVersion = 9.2;
						LastSwiftMigration = 0920;
						ProvisioningStyle = Automatic;
					};
					8429B4B1208832E2001B6BB7 = {
						CreatedOnToolsVersion = 9.2;
						LastSwiftMigration = 0920;
						ProvisioningStyle = Automatic;
					};
					8429B4BE208832EC001B6BB7 = {
						CreatedOnToolsVersion = 9.2;
						LastSwiftMigration = 0920;
						ProvisioningStyle = Automatic;
					};
					8429B4CB208832F8001B6BB7 = {
						CreatedOnToolsVersion = 9.2;
						LastSwiftMigration = 1000;
						ProvisioningStyle = Automatic;
					};
					84E9F98020A285F900A3DD1D = {
						CreatedOnToolsVersion = 9.2;
						LastSwiftMigration = 1000;
						ProvisioningStyle = Automatic;
					};
				};
			};
			buildConfigurationList = 8429B49C208832CA001B6BB7 /* Build configuration list for PBXProject "ScryfallSwift" */;
			compatibilityVersion = "Xcode 8.0";
			developmentRegion = en;
			hasScannedForEncodings = 0;
			knownRegions = (
				en,
			);
			mainGroup = 8429B498208832CA001B6BB7;
			productRefGroup = 8429B4A5208832D8001B6BB7 /* Products */;
			projectDirPath = "";
			projectRoot = "";
			targets = (
				8429B4A3208832D8001B6BB7 /* ScryfallSwift iOS */,
				8429B4B1208832E2001B6BB7 /* ScryfallSwift watchOS */,
				8429B4BE208832EC001B6BB7 /* ScryfallSwift tvOS */,
				8429B4CB208832F8001B6BB7 /* ScryfallSwift macOS */,
				84E9F98020A285F900A3DD1D /* ScryfallSwiftTests */,
			);
		};
/* End PBXProject section */

/* Begin PBXResourcesBuildPhase section */
		8429B4A2208832D8001B6BB7 /* Resources */ = {
			isa = PBXResourcesBuildPhase;
			buildActionMask = 2147483647;
			files = (
			);
			runOnlyForDeploymentPostprocessing = 0;
		};
		8429B4B0208832E2001B6BB7 /* Resources */ = {
			isa = PBXResourcesBuildPhase;
			buildActionMask = 2147483647;
			files = (
			);
			runOnlyForDeploymentPostprocessing = 0;
		};
		8429B4BD208832EC001B6BB7 /* Resources */ = {
			isa = PBXResourcesBuildPhase;
			buildActionMask = 2147483647;
			files = (
			);
			runOnlyForDeploymentPostprocessing = 0;
		};
		8429B4CA208832F8001B6BB7 /* Resources */ = {
			isa = PBXResourcesBuildPhase;
			buildActionMask = 2147483647;
			files = (
			);
			runOnlyForDeploymentPostprocessing = 0;
		};
		84E9F97F20A285F900A3DD1D /* Resources */ = {
			isa = PBXResourcesBuildPhase;
			buildActionMask = 2147483647;
			files = (
				84525BC82151D8DD0088A9E2 /* ListTest3.json in Resources */,
				84525B9A214899FB0088A9E2 /* SymbologyTest.json in Resources */,
				4ABB6C3720B5C95A0077F7BE /* SetsTest.json in Resources */,
				8445F7D120FC35FA006DA2AC /* CardTest2.json in Resources */,
				84525BCA2151D9340088A9E2 /* ListTest4.json in Resources */,
				84525BC62151D6800088A9E2 /* ListTest2.json in Resources */,
				84525BC02151CAF00088A9E2 /* ListTest1.json in Resources */,
				847D731920A53E1400FDCDBB /* CardTest0.json in Resources */,
				84BF792120B38D6300AB7EC3 /* CardTest1.json in Resources */,
				84525BBA214B5B300088A9E2 /* ListTest0.json in Resources */,
				84D4F9A320FC465900EBF4A3 /* RulingsTest.json in Resources */,
				4AC77073211A24F20055D5B3 /* CardTest5.json in Resources */,
				8445F7D020FC35FA006DA2AC /* CardTest3.json in Resources */,
				4AE55A4E2113963A00D4A492 /* CardTest4.json in Resources */,
			);
			runOnlyForDeploymentPostprocessing = 0;
		};
/* End PBXResourcesBuildPhase section */

/* Begin PBXSourcesBuildPhase section */
		8429B49F208832D8001B6BB7 /* Sources */ = {
			isa = PBXSourcesBuildPhase;
			buildActionMask = 2147483647;
			files = (
				84525BA3214B4E240088A9E2 /* ScryfallError.swift in Sources */,
				840DBB8A21191C5E0001B28E /* CardLegality.swift in Sources */,
				845FBD2F222CA27200F175C5 /* CardFace.swift in Sources */,
				845FBD23222CA25200F175C5 /* CardRarity.swift in Sources */,
				845FBD29222CA26200F175C5 /* RelatedCard.swift in Sources */,
				849DB73B22343FCE00DF3C88 /* IdentityCardRequest.swift in Sources */,
				4A77BE7A20B5C52D00166150 /* CardSet.swift in Sources */,
				842EE321217442FD007DC1B8 /* CardsRequests.swift in Sources */,
				849DB75B2234B43E00DF3C88 /* RulingsRequest.swift in Sources */,
				842EE31521743B09007DC1B8 /* AllSetsRequest.swift in Sources */,
				845FBD0B222637F000F175C5 /* CardPrice.swift in Sources */,
				842EE329218024B8007DC1B8 /* Catalog.swift in Sources */,
				845FBD35222CA28D00F175C5 /* CardColor.swift in Sources */,
				84D4F99C20FC43FF00EBF4A3 /* CardRuling.swift in Sources */,
				849DB74E2234A74400DF3C88 /* FormatResponse.swift in Sources */,
				844A9D732198EDDA00F19E2E /* CollectionRequest.swift in Sources */,
				842EE336218028C5007DC1B8 /* RandomCardRequest.swift in Sources */,
				849DB7612234C51400DF3C88 /* Symbology.swift in Sources */,
				84D4F9A520FD60C400EBF4A3 /* Imagery.swift in Sources */,
				849DB7542234B41B00DF3C88 /* SearchIdentifier.swift in Sources */,
				84525B9C21489A760088A9E2 /* CardSymbol.swift in Sources */,
				845FBD11222C92FD00F175C5 /* CardLayout.swift in Sources */,
				842EE31B217441CD007DC1B8 /* BaseAPIClient.swift in Sources */,
				84525BA9214B4F060088A9E2 /* List.swift in Sources */,
				845FBD1D222CA24200F175C5 /* CardGame.swift in Sources */,
				842EE30E2173F19F007DC1B8 /* APIRequest.swift in Sources */,
				849DB7482234A68D00DF3C88 /* AllCardsRequest.swift in Sources */,
				849DB72F222F815E00DF3C88 /* NamedCardSearchRequests.swift in Sources */,
				842EE3302180259C007DC1B8 /* AutocompleteRequest.swift in Sources */,
				849DB7422234926B00DF3C88 /* SetRequest.swift in Sources */,
				845FBD17222CA22200F175C5 /* CardFrameEffect.swift in Sources */,
				844A9D792198EE1200F19E2E /* CollectionCardIdentifier.swift in Sources */,
				849DB726222F671200DF3C88 /* Card.swift in Sources */,
			);
			runOnlyForDeploymentPostprocessing = 0;
		};
		8429B4AD208832E2001B6BB7 /* Sources */ = {
			isa = PBXSourcesBuildPhase;
			buildActionMask = 2147483647;
			files = (
				84525BA4214B4E240088A9E2 /* ScryfallError.swift in Sources */,
				840DBB8B21191C640001B28E /* CardLegality.swift in Sources */,
				845FBD30222CA27200F175C5 /* CardFace.swift in Sources */,
				845FBD24222CA25200F175C5 /* CardRarity.swift in Sources */,
				845FBD2A222CA26200F175C5 /* RelatedCard.swift in Sources */,
				849DB73C22343FCE00DF3C88 /* IdentityCardRequest.swift in Sources */,
				84D4F99D20FC43FF00EBF4A3 /* CardRuling.swift in Sources */,
				842EE322217442FD007DC1B8 /* CardsRequests.swift in Sources */,
				849DB75C2234B43E00DF3C88 /* RulingsRequest.swift in Sources */,
				842EE31621743B09007DC1B8 /* AllSetsRequest.swift in Sources */,
				845FBD0C222637F000F175C5 /* CardPrice.swift in Sources */,
				842EE32A218024B8007DC1B8 /* Catalog.swift in Sources */,
				845FBD36222CA28D00F175C5 /* CardColor.swift in Sources */,
				4A77BE7B20B5C52D00166150 /* CardSet.swift in Sources */,
				849DB74F2234A74400DF3C88 /* FormatResponse.swift in Sources */,
				844A9D742198EDDA00F19E2E /* CollectionRequest.swift in Sources */,
				842EE337218028C5007DC1B8 /* RandomCardRequest.swift in Sources */,
				849DB7622234C51400DF3C88 /* Symbology.swift in Sources */,
				84D4F9A620FD60C400EBF4A3 /* Imagery.swift in Sources */,
				849DB7552234B41B00DF3C88 /* SearchIdentifier.swift in Sources */,
				84525B9D21489A760088A9E2 /* CardSymbol.swift in Sources */,
				845FBD12222CA19E00F175C5 /* CardLayout.swift in Sources */,
				842EE31C217441CD007DC1B8 /* BaseAPIClient.swift in Sources */,
				84525BAA214B4F060088A9E2 /* List.swift in Sources */,
				845FBD1E222CA24200F175C5 /* CardGame.swift in Sources */,
				842EE30F2173F19F007DC1B8 /* APIRequest.swift in Sources */,
				849DB7492234A68D00DF3C88 /* AllCardsRequest.swift in Sources */,
				849DB730222F815E00DF3C88 /* NamedCardSearchRequests.swift in Sources */,
				842EE3312180259C007DC1B8 /* AutocompleteRequest.swift in Sources */,
				849DB7432234926B00DF3C88 /* SetRequest.swift in Sources */,
				845FBD18222CA22200F175C5 /* CardFrameEffect.swift in Sources */,
				844A9D7A2198EE1200F19E2E /* CollectionCardIdentifier.swift in Sources */,
				849DB727222F671200DF3C88 /* Card.swift in Sources */,
			);
			runOnlyForDeploymentPostprocessing = 0;
		};
		8429B4BA208832EC001B6BB7 /* Sources */ = {
			isa = PBXSourcesBuildPhase;
			buildActionMask = 2147483647;
			files = (
				84525BA5214B4E240088A9E2 /* ScryfallError.swift in Sources */,
				840DBB8C21191C640001B28E /* CardLegality.swift in Sources */,
				845FBD31222CA27200F175C5 /* CardFace.swift in Sources */,
				845FBD25222CA25200F175C5 /* CardRarity.swift in Sources */,
				845FBD2B222CA26200F175C5 /* RelatedCard.swift in Sources */,
				849DB73D22343FCE00DF3C88 /* IdentityCardRequest.swift in Sources */,
				84D4F99E20FC43FF00EBF4A3 /* CardRuling.swift in Sources */,
				842EE323217442FD007DC1B8 /* CardsRequests.swift in Sources */,
				849DB75D2234B43E00DF3C88 /* RulingsRequest.swift in Sources */,
				842EE31721743B09007DC1B8 /* AllSetsRequest.swift in Sources */,
				845FBD0D222637F000F175C5 /* CardPrice.swift in Sources */,
				842EE32B218024B8007DC1B8 /* Catalog.swift in Sources */,
				845FBD37222CA28D00F175C5 /* CardColor.swift in Sources */,
				4A77BE7C20B5C52D00166150 /* CardSet.swift in Sources */,
				849DB7502234A74400DF3C88 /* FormatResponse.swift in Sources */,
				844A9D752198EDDA00F19E2E /* CollectionRequest.swift in Sources */,
				842EE338218028C5007DC1B8 /* RandomCardRequest.swift in Sources */,
				849DB7632234C51400DF3C88 /* Symbology.swift in Sources */,
				84D4F9A720FD60C400EBF4A3 /* Imagery.swift in Sources */,
				849DB7562234B41B00DF3C88 /* SearchIdentifier.swift in Sources */,
				84525B9E21489A760088A9E2 /* CardSymbol.swift in Sources */,
				845FBD13222CA19E00F175C5 /* CardLayout.swift in Sources */,
				842EE31D217441CD007DC1B8 /* BaseAPIClient.swift in Sources */,
				84525BAB214B4F060088A9E2 /* List.swift in Sources */,
				845FBD1F222CA24200F175C5 /* CardGame.swift in Sources */,
				842EE3102173F19F007DC1B8 /* APIRequest.swift in Sources */,
				849DB74A2234A68D00DF3C88 /* AllCardsRequest.swift in Sources */,
				849DB731222F815E00DF3C88 /* NamedCardSearchRequests.swift in Sources */,
				842EE3322180259C007DC1B8 /* AutocompleteRequest.swift in Sources */,
				849DB7442234926B00DF3C88 /* SetRequest.swift in Sources */,
				845FBD19222CA22200F175C5 /* CardFrameEffect.swift in Sources */,
				844A9D7B2198EE1200F19E2E /* CollectionCardIdentifier.swift in Sources */,
				849DB728222F671200DF3C88 /* Card.swift in Sources */,
			);
			runOnlyForDeploymentPostprocessing = 0;
		};
		8429B4C7208832F8001B6BB7 /* Sources */ = {
			isa = PBXSourcesBuildPhase;
			buildActionMask = 2147483647;
			files = (
				84525BA6214B4E240088A9E2 /* ScryfallError.swift in Sources */,
				840DBB8D21191C650001B28E /* CardLegality.swift in Sources */,
				845FBD32222CA27200F175C5 /* CardFace.swift in Sources */,
				845FBD26222CA25200F175C5 /* CardRarity.swift in Sources */,
				845FBD2C222CA26200F175C5 /* RelatedCard.swift in Sources */,
				849DB73E22343FCE00DF3C88 /* IdentityCardRequest.swift in Sources */,
				84D4F99F20FC43FF00EBF4A3 /* CardRuling.swift in Sources */,
				842EE324217442FD007DC1B8 /* CardsRequests.swift in Sources */,
				849DB75E2234B43E00DF3C88 /* RulingsRequest.swift in Sources */,
				842EE31821743B09007DC1B8 /* AllSetsRequest.swift in Sources */,
				845FBD0E222637F000F175C5 /* CardPrice.swift in Sources */,
				842EE32C218024B8007DC1B8 /* Catalog.swift in Sources */,
				845FBD38222CA28D00F175C5 /* CardColor.swift in Sources */,
				4A77BE7D20B5C52D00166150 /* CardSet.swift in Sources */,
				849DB7512234A74400DF3C88 /* FormatResponse.swift in Sources */,
				844A9D762198EDDA00F19E2E /* CollectionRequest.swift in Sources */,
				842EE339218028C5007DC1B8 /* RandomCardRequest.swift in Sources */,
				849DB7642234C51400DF3C88 /* Symbology.swift in Sources */,
				84D4F9A820FD60C400EBF4A3 /* Imagery.swift in Sources */,
				849DB7572234B41B00DF3C88 /* SearchIdentifier.swift in Sources */,
				84525B9F21489A760088A9E2 /* CardSymbol.swift in Sources */,
				845FBD14222CA19F00F175C5 /* CardLayout.swift in Sources */,
				842EE31E217441CD007DC1B8 /* BaseAPIClient.swift in Sources */,
				84525BAC214B4F060088A9E2 /* List.swift in Sources */,
				845FBD20222CA24200F175C5 /* CardGame.swift in Sources */,
				842EE3112173F19F007DC1B8 /* APIRequest.swift in Sources */,
				849DB74B2234A68D00DF3C88 /* AllCardsRequest.swift in Sources */,
				849DB732222F815E00DF3C88 /* NamedCardSearchRequests.swift in Sources */,
				842EE3332180259C007DC1B8 /* AutocompleteRequest.swift in Sources */,
				849DB7452234926B00DF3C88 /* SetRequest.swift in Sources */,
				845FBD1A222CA22200F175C5 /* CardFrameEffect.swift in Sources */,
				844A9D7C2198EE1200F19E2E /* CollectionCardIdentifier.swift in Sources */,
				849DB729222F671200DF3C88 /* Card.swift in Sources */,
			);
			runOnlyForDeploymentPostprocessing = 0;
		};
		84E9F97D20A285F900A3DD1D /* Sources */ = {
			isa = PBXSourcesBuildPhase;
			buildActionMask = 2147483647;
			files = (
				842EE32D218024B8007DC1B8 /* Catalog.swift in Sources */,
				844A9D772198EDDA00F19E2E /* CollectionRequest.swift in Sources */,
				845FBD33222CA27200F175C5 /* CardFace.swift in Sources */,
				849DB72D222F7B1F00DF3C88 /* CollectionRequestTests.swift in Sources */,
				842EE31921743B09007DC1B8 /* AllSetsRequest.swift in Sources */,
				849DB7652234C51400DF3C88 /* Symbology.swift in Sources */,
				849DB75F2234B43E00DF3C88 /* RulingsRequest.swift in Sources */,
				84D4F9A920FD60C400EBF4A3 /* Imagery.swift in Sources */,
				842EE31F217441CD007DC1B8 /* BaseAPIClient.swift in Sources */,
				842EE32721744371007DC1B8 /* APIClientTests.swift in Sources */,
				842EE33A218028C5007DC1B8 /* RandomCardRequest.swift in Sources */,
				84525BA7214B4E240088A9E2 /* ScryfallError.swift in Sources */,
				844A9D7D2198EE1200F19E2E /* CollectionCardIdentifier.swift in Sources */,
				84D4F9A020FC43FF00EBF4A3 /* CardRuling.swift in Sources */,
				845FBD1B222CA22200F175C5 /* CardFrameEffect.swift in Sources */,
				84525BAD214B4F060088A9E2 /* List.swift in Sources */,
				845FBD2D222CA26200F175C5 /* RelatedCard.swift in Sources */,
				845FBD15222CA19F00F175C5 /* CardLayout.swift in Sources */,
				84E9F98420A285F900A3DD1D /* ScryfallSwiftTests.swift in Sources */,
				849DB7462234926B00DF3C88 /* SetRequest.swift in Sources */,
				84525BA021489A760088A9E2 /* CardSymbol.swift in Sources */,
				849DB73F22343FCE00DF3C88 /* IdentityCardRequest.swift in Sources */,
				845FBD0F222637F000F175C5 /* CardPrice.swift in Sources */,
				845FBD27222CA25200F175C5 /* CardRarity.swift in Sources */,
				842EE325217442FD007DC1B8 /* CardsRequests.swift in Sources */,
				842EE3122173F19F007DC1B8 /* APIRequest.swift in Sources */,
				840DBB8E21191C650001B28E /* CardLegality.swift in Sources */,
				4A77BE7E20B5C52D00166150 /* CardSet.swift in Sources */,
				849DB7582234B41B00DF3C88 /* SearchIdentifier.swift in Sources */,
				842EE3342180259C007DC1B8 /* AutocompleteRequest.swift in Sources */,
				845FBD39222CA28D00F175C5 /* CardColor.swift in Sources */,
				849DB733222F815E00DF3C88 /* NamedCardSearchRequests.swift in Sources */,
				845FBD21222CA24200F175C5 /* CardGame.swift in Sources */,
				849DB72A222F671200DF3C88 /* Card.swift in Sources */,
				849DB7522234A74400DF3C88 /* FormatResponse.swift in Sources */,
				849DB74C2234A68D00DF3C88 /* AllCardsRequest.swift in Sources */,
			);
			runOnlyForDeploymentPostprocessing = 0;
		};
/* End PBXSourcesBuildPhase section */

/* Begin PBXTargetDependency section */
		84E9F98820A285F900A3DD1D /* PBXTargetDependency */ = {
			isa = PBXTargetDependency;
			target = 8429B4CB208832F8001B6BB7 /* ScryfallSwift macOS */;
			targetProxy = 84E9F98720A285F900A3DD1D /* PBXContainerItemProxy */;
		};
/* End PBXTargetDependency section */

/* Begin XCBuildConfiguration section */
		8429B49D208832CA001B6BB7 /* Debug */ = {
			isa = XCBuildConfiguration;
			buildSettings = {
				CLANG_WARN_BLOCK_CAPTURE_AUTORELEASING = YES;
				CLANG_WARN_BOOL_CONVERSION = YES;
				CLANG_WARN_COMMA = YES;
				CLANG_WARN_CONSTANT_CONVERSION = YES;
				CLANG_WARN_DEPRECATED_OBJC_IMPLEMENTATIONS = YES;
				CLANG_WARN_EMPTY_BODY = YES;
				CLANG_WARN_ENUM_CONVERSION = YES;
				CLANG_WARN_INFINITE_RECURSION = YES;
				CLANG_WARN_INT_CONVERSION = YES;
				CLANG_WARN_NON_LITERAL_NULL_CONVERSION = YES;
				CLANG_WARN_OBJC_IMPLICIT_RETAIN_SELF = YES;
				CLANG_WARN_OBJC_LITERAL_CONVERSION = YES;
				CLANG_WARN_RANGE_LOOP_ANALYSIS = YES;
				CLANG_WARN_STRICT_PROTOTYPES = YES;
				CLANG_WARN_SUSPICIOUS_MOVE = YES;
				CLANG_WARN_UNREACHABLE_CODE = YES;
				CLANG_WARN__DUPLICATE_METHOD_MATCH = YES;
				ENABLE_STRICT_OBJC_MSGSEND = YES;
				ENABLE_TESTABILITY = YES;
				GCC_NO_COMMON_BLOCKS = YES;
				GCC_WARN_64_TO_32_BIT_CONVERSION = YES;
				GCC_WARN_ABOUT_RETURN_TYPE = YES;
				GCC_WARN_UNDECLARED_SELECTOR = YES;
				GCC_WARN_UNINITIALIZED_AUTOS = YES;
				GCC_WARN_UNUSED_FUNCTION = YES;
				GCC_WARN_UNUSED_VARIABLE = YES;
				ONLY_ACTIVE_ARCH = YES;
				PRODUCT_NAME = "$(PROJECT_NAME)";
			};
			name = Debug;
		};
		8429B49E208832CA001B6BB7 /* Release */ = {
			isa = XCBuildConfiguration;
			buildSettings = {
				CLANG_WARN_BLOCK_CAPTURE_AUTORELEASING = YES;
				CLANG_WARN_BOOL_CONVERSION = YES;
				CLANG_WARN_COMMA = YES;
				CLANG_WARN_CONSTANT_CONVERSION = YES;
				CLANG_WARN_DEPRECATED_OBJC_IMPLEMENTATIONS = YES;
				CLANG_WARN_EMPTY_BODY = YES;
				CLANG_WARN_ENUM_CONVERSION = YES;
				CLANG_WARN_INFINITE_RECURSION = YES;
				CLANG_WARN_INT_CONVERSION = YES;
				CLANG_WARN_NON_LITERAL_NULL_CONVERSION = YES;
				CLANG_WARN_OBJC_IMPLICIT_RETAIN_SELF = YES;
				CLANG_WARN_OBJC_LITERAL_CONVERSION = YES;
				CLANG_WARN_RANGE_LOOP_ANALYSIS = YES;
				CLANG_WARN_STRICT_PROTOTYPES = YES;
				CLANG_WARN_SUSPICIOUS_MOVE = YES;
				CLANG_WARN_UNREACHABLE_CODE = YES;
				CLANG_WARN__DUPLICATE_METHOD_MATCH = YES;
				ENABLE_STRICT_OBJC_MSGSEND = YES;
				GCC_NO_COMMON_BLOCKS = YES;
				GCC_WARN_64_TO_32_BIT_CONVERSION = YES;
				GCC_WARN_ABOUT_RETURN_TYPE = YES;
				GCC_WARN_UNDECLARED_SELECTOR = YES;
				GCC_WARN_UNINITIALIZED_AUTOS = YES;
				GCC_WARN_UNUSED_FUNCTION = YES;
				GCC_WARN_UNUSED_VARIABLE = YES;
				PRODUCT_NAME = "$(PROJECT_NAME)";
			};
			name = Release;
		};
		8429B4AB208832D8001B6BB7 /* Debug */ = {
			isa = XCBuildConfiguration;
			buildSettings = {
				ALWAYS_SEARCH_USER_PATHS = NO;
				CLANG_ANALYZER_NONNULL = YES;
				CLANG_ANALYZER_NUMBER_OBJECT_CONVERSION = YES_AGGRESSIVE;
				CLANG_CXX_LANGUAGE_STANDARD = "gnu++14";
				CLANG_CXX_LIBRARY = "libc++";
				CLANG_ENABLE_MODULES = YES;
				CLANG_ENABLE_OBJC_ARC = YES;
				CLANG_WARN_BLOCK_CAPTURE_AUTORELEASING = YES;
				CLANG_WARN_BOOL_CONVERSION = YES;
				CLANG_WARN_COMMA = YES;
				CLANG_WARN_CONSTANT_CONVERSION = YES;
				CLANG_WARN_DIRECT_OBJC_ISA_USAGE = YES_ERROR;
				CLANG_WARN_DOCUMENTATION_COMMENTS = YES;
				CLANG_WARN_EMPTY_BODY = YES;
				CLANG_WARN_ENUM_CONVERSION = YES;
				CLANG_WARN_INFINITE_RECURSION = YES;
				CLANG_WARN_INT_CONVERSION = YES;
				CLANG_WARN_NON_LITERAL_NULL_CONVERSION = YES;
				CLANG_WARN_OBJC_LITERAL_CONVERSION = YES;
				CLANG_WARN_OBJC_ROOT_CLASS = YES_ERROR;
				CLANG_WARN_RANGE_LOOP_ANALYSIS = YES;
				CLANG_WARN_STRICT_PROTOTYPES = YES;
				CLANG_WARN_SUSPICIOUS_MOVE = YES;
				CLANG_WARN_UNGUARDED_AVAILABILITY = YES_AGGRESSIVE;
				CLANG_WARN_UNREACHABLE_CODE = YES;
				CLANG_WARN__DUPLICATE_METHOD_MATCH = YES;
				CODE_SIGN_IDENTITY = "";
				CODE_SIGN_STYLE = Automatic;
				COPY_PHASE_STRIP = NO;
				CURRENT_PROJECT_VERSION = 1;
				DEBUG_INFORMATION_FORMAT = dwarf;
				DEFINES_MODULE = YES;
				DEVELOPMENT_TEAM = Y3RCB36D2R;
				DYLIB_COMPATIBILITY_VERSION = 1;
				DYLIB_CURRENT_VERSION = 1;
				DYLIB_INSTALL_NAME_BASE = "@rpath";
				ENABLE_STRICT_OBJC_MSGSEND = YES;
				ENABLE_TESTABILITY = YES;
				GCC_C_LANGUAGE_STANDARD = gnu11;
				GCC_DYNAMIC_NO_PIC = NO;
				GCC_NO_COMMON_BLOCKS = YES;
				GCC_OPTIMIZATION_LEVEL = 0;
				GCC_PREPROCESSOR_DEFINITIONS = (
					"DEBUG=1",
					"$(inherited)",
				);
				GCC_WARN_64_TO_32_BIT_CONVERSION = YES;
				GCC_WARN_ABOUT_RETURN_TYPE = YES_ERROR;
				GCC_WARN_UNDECLARED_SELECTOR = YES;
				GCC_WARN_UNINITIALIZED_AUTOS = YES_AGGRESSIVE;
				GCC_WARN_UNUSED_FUNCTION = YES;
				GCC_WARN_UNUSED_VARIABLE = YES;
				INFOPLIST_FILE = "Sources/info-iOS.plist";
				INSTALL_PATH = "$(LOCAL_LIBRARY_DIR)/Frameworks";
				IPHONEOS_DEPLOYMENT_TARGET = 11.2;
				LD_RUNPATH_SEARCH_PATHS = "$(inherited) @executable_path/Frameworks @loader_path/Frameworks";
				MTL_ENABLE_DEBUG_INFO = YES;
				ONLY_ACTIVE_ARCH = YES;
				PRODUCT_BUNDLE_IDENTIFIER = "com.roudique.$(PROJECT_NAME)";
				SDKROOT = iphoneos;
				SKIP_INSTALL = YES;
				SWIFT_ACTIVE_COMPILATION_CONDITIONS = DEBUG;
				SWIFT_OPTIMIZATION_LEVEL = "-Onone";
				SWIFT_VERSION = 4.0;
				TARGETED_DEVICE_FAMILY = "1,2";
				VERSIONING_SYSTEM = "apple-generic";
				VERSION_INFO_PREFIX = "";
			};
			name = Debug;
		};
		8429B4AC208832D8001B6BB7 /* Release */ = {
			isa = XCBuildConfiguration;
			buildSettings = {
				ALWAYS_SEARCH_USER_PATHS = NO;
				CLANG_ANALYZER_NONNULL = YES;
				CLANG_ANALYZER_NUMBER_OBJECT_CONVERSION = YES_AGGRESSIVE;
				CLANG_CXX_LANGUAGE_STANDARD = "gnu++14";
				CLANG_CXX_LIBRARY = "libc++";
				CLANG_ENABLE_MODULES = YES;
				CLANG_ENABLE_OBJC_ARC = YES;
				CLANG_WARN_BLOCK_CAPTURE_AUTORELEASING = YES;
				CLANG_WARN_BOOL_CONVERSION = YES;
				CLANG_WARN_COMMA = YES;
				CLANG_WARN_CONSTANT_CONVERSION = YES;
				CLANG_WARN_DIRECT_OBJC_ISA_USAGE = YES_ERROR;
				CLANG_WARN_DOCUMENTATION_COMMENTS = YES;
				CLANG_WARN_EMPTY_BODY = YES;
				CLANG_WARN_ENUM_CONVERSION = YES;
				CLANG_WARN_INFINITE_RECURSION = YES;
				CLANG_WARN_INT_CONVERSION = YES;
				CLANG_WARN_NON_LITERAL_NULL_CONVERSION = YES;
				CLANG_WARN_OBJC_LITERAL_CONVERSION = YES;
				CLANG_WARN_OBJC_ROOT_CLASS = YES_ERROR;
				CLANG_WARN_RANGE_LOOP_ANALYSIS = YES;
				CLANG_WARN_STRICT_PROTOTYPES = YES;
				CLANG_WARN_SUSPICIOUS_MOVE = YES;
				CLANG_WARN_UNGUARDED_AVAILABILITY = YES_AGGRESSIVE;
				CLANG_WARN_UNREACHABLE_CODE = YES;
				CLANG_WARN__DUPLICATE_METHOD_MATCH = YES;
				CODE_SIGN_IDENTITY = "";
				CODE_SIGN_STYLE = Automatic;
				COPY_PHASE_STRIP = NO;
				CURRENT_PROJECT_VERSION = 1;
				DEBUG_INFORMATION_FORMAT = "dwarf-with-dsym";
				DEFINES_MODULE = YES;
				DEVELOPMENT_TEAM = Y3RCB36D2R;
				DYLIB_COMPATIBILITY_VERSION = 1;
				DYLIB_CURRENT_VERSION = 1;
				DYLIB_INSTALL_NAME_BASE = "@rpath";
				ENABLE_NS_ASSERTIONS = NO;
				ENABLE_STRICT_OBJC_MSGSEND = YES;
				GCC_C_LANGUAGE_STANDARD = gnu11;
				GCC_NO_COMMON_BLOCKS = YES;
				GCC_WARN_64_TO_32_BIT_CONVERSION = YES;
				GCC_WARN_ABOUT_RETURN_TYPE = YES_ERROR;
				GCC_WARN_UNDECLARED_SELECTOR = YES;
				GCC_WARN_UNINITIALIZED_AUTOS = YES_AGGRESSIVE;
				GCC_WARN_UNUSED_FUNCTION = YES;
				GCC_WARN_UNUSED_VARIABLE = YES;
				INFOPLIST_FILE = "Sources/info-iOS.plist";
				INSTALL_PATH = "$(LOCAL_LIBRARY_DIR)/Frameworks";
				IPHONEOS_DEPLOYMENT_TARGET = 11.2;
				LD_RUNPATH_SEARCH_PATHS = "$(inherited) @executable_path/Frameworks @loader_path/Frameworks";
				MTL_ENABLE_DEBUG_INFO = NO;
				PRODUCT_BUNDLE_IDENTIFIER = "com.roudique.$(PROJECT_NAME)";
				SDKROOT = iphoneos;
				SKIP_INSTALL = YES;
				SWIFT_OPTIMIZATION_LEVEL = "-Owholemodule";
				SWIFT_VERSION = 4.0;
				TARGETED_DEVICE_FAMILY = "1,2";
				VALIDATE_PRODUCT = YES;
				VERSIONING_SYSTEM = "apple-generic";
				VERSION_INFO_PREFIX = "";
			};
			name = Release;
		};
		8429B4B8208832E2001B6BB7 /* Debug */ = {
			isa = XCBuildConfiguration;
			buildSettings = {
				ALWAYS_SEARCH_USER_PATHS = NO;
				APPLICATION_EXTENSION_API_ONLY = YES;
				CLANG_ANALYZER_NONNULL = YES;
				CLANG_ANALYZER_NUMBER_OBJECT_CONVERSION = YES_AGGRESSIVE;
				CLANG_CXX_LANGUAGE_STANDARD = "gnu++14";
				CLANG_CXX_LIBRARY = "libc++";
				CLANG_ENABLE_MODULES = YES;
				CLANG_ENABLE_OBJC_ARC = YES;
				CLANG_WARN_BLOCK_CAPTURE_AUTORELEASING = YES;
				CLANG_WARN_BOOL_CONVERSION = YES;
				CLANG_WARN_COMMA = YES;
				CLANG_WARN_CONSTANT_CONVERSION = YES;
				CLANG_WARN_DIRECT_OBJC_ISA_USAGE = YES_ERROR;
				CLANG_WARN_DOCUMENTATION_COMMENTS = YES;
				CLANG_WARN_EMPTY_BODY = YES;
				CLANG_WARN_ENUM_CONVERSION = YES;
				CLANG_WARN_INFINITE_RECURSION = YES;
				CLANG_WARN_INT_CONVERSION = YES;
				CLANG_WARN_NON_LITERAL_NULL_CONVERSION = YES;
				CLANG_WARN_OBJC_LITERAL_CONVERSION = YES;
				CLANG_WARN_OBJC_ROOT_CLASS = YES_ERROR;
				CLANG_WARN_RANGE_LOOP_ANALYSIS = YES;
				CLANG_WARN_STRICT_PROTOTYPES = YES;
				CLANG_WARN_SUSPICIOUS_MOVE = YES;
				CLANG_WARN_UNGUARDED_AVAILABILITY = YES_AGGRESSIVE;
				CLANG_WARN_UNREACHABLE_CODE = YES;
				CLANG_WARN__DUPLICATE_METHOD_MATCH = YES;
				CODE_SIGN_IDENTITY = "";
				CODE_SIGN_STYLE = Automatic;
				COPY_PHASE_STRIP = NO;
				CURRENT_PROJECT_VERSION = 1;
				DEBUG_INFORMATION_FORMAT = dwarf;
				DEFINES_MODULE = YES;
				DEVELOPMENT_TEAM = Y3RCB36D2R;
				DYLIB_COMPATIBILITY_VERSION = 1;
				DYLIB_CURRENT_VERSION = 1;
				DYLIB_INSTALL_NAME_BASE = "@rpath";
				ENABLE_STRICT_OBJC_MSGSEND = YES;
				ENABLE_TESTABILITY = YES;
				GCC_C_LANGUAGE_STANDARD = gnu11;
				GCC_DYNAMIC_NO_PIC = NO;
				GCC_NO_COMMON_BLOCKS = YES;
				GCC_OPTIMIZATION_LEVEL = 0;
				GCC_PREPROCESSOR_DEFINITIONS = (
					"DEBUG=1",
					"$(inherited)",
				);
				GCC_WARN_64_TO_32_BIT_CONVERSION = YES;
				GCC_WARN_ABOUT_RETURN_TYPE = YES_ERROR;
				GCC_WARN_UNDECLARED_SELECTOR = YES;
				GCC_WARN_UNINITIALIZED_AUTOS = YES_AGGRESSIVE;
				GCC_WARN_UNUSED_FUNCTION = YES;
				GCC_WARN_UNUSED_VARIABLE = YES;
				INFOPLIST_FILE = "Sources/info-watchOS.plist";
				INSTALL_PATH = "$(LOCAL_LIBRARY_DIR)/Frameworks";
				LD_RUNPATH_SEARCH_PATHS = "$(inherited) @executable_path/Frameworks @loader_path/Frameworks";
				MTL_ENABLE_DEBUG_INFO = YES;
				ONLY_ACTIVE_ARCH = YES;
				PRODUCT_BUNDLE_IDENTIFIER = "com.roudique.$(PROJECT_NAME)";
				SDKROOT = watchos;
				SKIP_INSTALL = YES;
				SWIFT_ACTIVE_COMPILATION_CONDITIONS = DEBUG;
				SWIFT_OPTIMIZATION_LEVEL = "-Onone";
				SWIFT_VERSION = 4.0;
				TARGETED_DEVICE_FAMILY = 4;
				VERSIONING_SYSTEM = "apple-generic";
				VERSION_INFO_PREFIX = "";
				WATCHOS_DEPLOYMENT_TARGET = 4.2;
			};
			name = Debug;
		};
		8429B4B9208832E2001B6BB7 /* Release */ = {
			isa = XCBuildConfiguration;
			buildSettings = {
				ALWAYS_SEARCH_USER_PATHS = NO;
				APPLICATION_EXTENSION_API_ONLY = YES;
				CLANG_ANALYZER_NONNULL = YES;
				CLANG_ANALYZER_NUMBER_OBJECT_CONVERSION = YES_AGGRESSIVE;
				CLANG_CXX_LANGUAGE_STANDARD = "gnu++14";
				CLANG_CXX_LIBRARY = "libc++";
				CLANG_ENABLE_MODULES = YES;
				CLANG_ENABLE_OBJC_ARC = YES;
				CLANG_WARN_BLOCK_CAPTURE_AUTORELEASING = YES;
				CLANG_WARN_BOOL_CONVERSION = YES;
				CLANG_WARN_COMMA = YES;
				CLANG_WARN_CONSTANT_CONVERSION = YES;
				CLANG_WARN_DIRECT_OBJC_ISA_USAGE = YES_ERROR;
				CLANG_WARN_DOCUMENTATION_COMMENTS = YES;
				CLANG_WARN_EMPTY_BODY = YES;
				CLANG_WARN_ENUM_CONVERSION = YES;
				CLANG_WARN_INFINITE_RECURSION = YES;
				CLANG_WARN_INT_CONVERSION = YES;
				CLANG_WARN_NON_LITERAL_NULL_CONVERSION = YES;
				CLANG_WARN_OBJC_LITERAL_CONVERSION = YES;
				CLANG_WARN_OBJC_ROOT_CLASS = YES_ERROR;
				CLANG_WARN_RANGE_LOOP_ANALYSIS = YES;
				CLANG_WARN_STRICT_PROTOTYPES = YES;
				CLANG_WARN_SUSPICIOUS_MOVE = YES;
				CLANG_WARN_UNGUARDED_AVAILABILITY = YES_AGGRESSIVE;
				CLANG_WARN_UNREACHABLE_CODE = YES;
				CLANG_WARN__DUPLICATE_METHOD_MATCH = YES;
				CODE_SIGN_IDENTITY = "";
				CODE_SIGN_STYLE = Automatic;
				COPY_PHASE_STRIP = NO;
				CURRENT_PROJECT_VERSION = 1;
				DEBUG_INFORMATION_FORMAT = "dwarf-with-dsym";
				DEFINES_MODULE = YES;
				DEVELOPMENT_TEAM = Y3RCB36D2R;
				DYLIB_COMPATIBILITY_VERSION = 1;
				DYLIB_CURRENT_VERSION = 1;
				DYLIB_INSTALL_NAME_BASE = "@rpath";
				ENABLE_NS_ASSERTIONS = NO;
				ENABLE_STRICT_OBJC_MSGSEND = YES;
				GCC_C_LANGUAGE_STANDARD = gnu11;
				GCC_NO_COMMON_BLOCKS = YES;
				GCC_WARN_64_TO_32_BIT_CONVERSION = YES;
				GCC_WARN_ABOUT_RETURN_TYPE = YES_ERROR;
				GCC_WARN_UNDECLARED_SELECTOR = YES;
				GCC_WARN_UNINITIALIZED_AUTOS = YES_AGGRESSIVE;
				GCC_WARN_UNUSED_FUNCTION = YES;
				GCC_WARN_UNUSED_VARIABLE = YES;
				INFOPLIST_FILE = "Sources/info-watchOS.plist";
				INSTALL_PATH = "$(LOCAL_LIBRARY_DIR)/Frameworks";
				LD_RUNPATH_SEARCH_PATHS = "$(inherited) @executable_path/Frameworks @loader_path/Frameworks";
				MTL_ENABLE_DEBUG_INFO = NO;
				PRODUCT_BUNDLE_IDENTIFIER = "com.roudique.$(PROJECT_NAME)";
				SDKROOT = watchos;
				SKIP_INSTALL = YES;
				SWIFT_OPTIMIZATION_LEVEL = "-Owholemodule";
				SWIFT_VERSION = 4.0;
				TARGETED_DEVICE_FAMILY = 4;
				VALIDATE_PRODUCT = YES;
				VERSIONING_SYSTEM = "apple-generic";
				VERSION_INFO_PREFIX = "";
				WATCHOS_DEPLOYMENT_TARGET = 4.2;
			};
			name = Release;
		};
		8429B4C5208832EC001B6BB7 /* Debug */ = {
			isa = XCBuildConfiguration;
			buildSettings = {
				ALWAYS_SEARCH_USER_PATHS = NO;
				CLANG_ANALYZER_NONNULL = YES;
				CLANG_ANALYZER_NUMBER_OBJECT_CONVERSION = YES_AGGRESSIVE;
				CLANG_CXX_LANGUAGE_STANDARD = "gnu++14";
				CLANG_CXX_LIBRARY = "libc++";
				CLANG_ENABLE_MODULES = YES;
				CLANG_ENABLE_OBJC_ARC = YES;
				CLANG_WARN_BLOCK_CAPTURE_AUTORELEASING = YES;
				CLANG_WARN_BOOL_CONVERSION = YES;
				CLANG_WARN_COMMA = YES;
				CLANG_WARN_CONSTANT_CONVERSION = YES;
				CLANG_WARN_DIRECT_OBJC_ISA_USAGE = YES_ERROR;
				CLANG_WARN_DOCUMENTATION_COMMENTS = YES;
				CLANG_WARN_EMPTY_BODY = YES;
				CLANG_WARN_ENUM_CONVERSION = YES;
				CLANG_WARN_INFINITE_RECURSION = YES;
				CLANG_WARN_INT_CONVERSION = YES;
				CLANG_WARN_NON_LITERAL_NULL_CONVERSION = YES;
				CLANG_WARN_OBJC_LITERAL_CONVERSION = YES;
				CLANG_WARN_OBJC_ROOT_CLASS = YES_ERROR;
				CLANG_WARN_RANGE_LOOP_ANALYSIS = YES;
				CLANG_WARN_STRICT_PROTOTYPES = YES;
				CLANG_WARN_SUSPICIOUS_MOVE = YES;
				CLANG_WARN_UNGUARDED_AVAILABILITY = YES_AGGRESSIVE;
				CLANG_WARN_UNREACHABLE_CODE = YES;
				CLANG_WARN__DUPLICATE_METHOD_MATCH = YES;
				CODE_SIGN_IDENTITY = "";
				CODE_SIGN_STYLE = Automatic;
				COPY_PHASE_STRIP = NO;
				CURRENT_PROJECT_VERSION = 1;
				DEBUG_INFORMATION_FORMAT = dwarf;
				DEFINES_MODULE = YES;
				DEVELOPMENT_TEAM = Y3RCB36D2R;
				DYLIB_COMPATIBILITY_VERSION = 1;
				DYLIB_CURRENT_VERSION = 1;
				DYLIB_INSTALL_NAME_BASE = "@rpath";
				ENABLE_STRICT_OBJC_MSGSEND = YES;
				ENABLE_TESTABILITY = YES;
				GCC_C_LANGUAGE_STANDARD = gnu11;
				GCC_DYNAMIC_NO_PIC = NO;
				GCC_NO_COMMON_BLOCKS = YES;
				GCC_OPTIMIZATION_LEVEL = 0;
				GCC_PREPROCESSOR_DEFINITIONS = (
					"DEBUG=1",
					"$(inherited)",
				);
				GCC_WARN_64_TO_32_BIT_CONVERSION = YES;
				GCC_WARN_ABOUT_RETURN_TYPE = YES_ERROR;
				GCC_WARN_UNDECLARED_SELECTOR = YES;
				GCC_WARN_UNINITIALIZED_AUTOS = YES_AGGRESSIVE;
				GCC_WARN_UNUSED_FUNCTION = YES;
				GCC_WARN_UNUSED_VARIABLE = YES;
				INFOPLIST_FILE = "Sources/info-tvOS.plist";
				INSTALL_PATH = "$(LOCAL_LIBRARY_DIR)/Frameworks";
				LD_RUNPATH_SEARCH_PATHS = "$(inherited) @executable_path/Frameworks @loader_path/Frameworks";
				MTL_ENABLE_DEBUG_INFO = YES;
				ONLY_ACTIVE_ARCH = YES;
				PRODUCT_BUNDLE_IDENTIFIER = "com.roudique.$(PROJECT_NAME)";
				SDKROOT = appletvos;
				SKIP_INSTALL = YES;
				SWIFT_ACTIVE_COMPILATION_CONDITIONS = DEBUG;
				SWIFT_OPTIMIZATION_LEVEL = "-Onone";
				SWIFT_VERSION = 4.0;
				TARGETED_DEVICE_FAMILY = 3;
				TVOS_DEPLOYMENT_TARGET = 11.2;
				VERSIONING_SYSTEM = "apple-generic";
				VERSION_INFO_PREFIX = "";
			};
			name = Debug;
		};
		8429B4C6208832EC001B6BB7 /* Release */ = {
			isa = XCBuildConfiguration;
			buildSettings = {
				ALWAYS_SEARCH_USER_PATHS = NO;
				CLANG_ANALYZER_NONNULL = YES;
				CLANG_ANALYZER_NUMBER_OBJECT_CONVERSION = YES_AGGRESSIVE;
				CLANG_CXX_LANGUAGE_STANDARD = "gnu++14";
				CLANG_CXX_LIBRARY = "libc++";
				CLANG_ENABLE_MODULES = YES;
				CLANG_ENABLE_OBJC_ARC = YES;
				CLANG_WARN_BLOCK_CAPTURE_AUTORELEASING = YES;
				CLANG_WARN_BOOL_CONVERSION = YES;
				CLANG_WARN_COMMA = YES;
				CLANG_WARN_CONSTANT_CONVERSION = YES;
				CLANG_WARN_DIRECT_OBJC_ISA_USAGE = YES_ERROR;
				CLANG_WARN_DOCUMENTATION_COMMENTS = YES;
				CLANG_WARN_EMPTY_BODY = YES;
				CLANG_WARN_ENUM_CONVERSION = YES;
				CLANG_WARN_INFINITE_RECURSION = YES;
				CLANG_WARN_INT_CONVERSION = YES;
				CLANG_WARN_NON_LITERAL_NULL_CONVERSION = YES;
				CLANG_WARN_OBJC_LITERAL_CONVERSION = YES;
				CLANG_WARN_OBJC_ROOT_CLASS = YES_ERROR;
				CLANG_WARN_RANGE_LOOP_ANALYSIS = YES;
				CLANG_WARN_STRICT_PROTOTYPES = YES;
				CLANG_WARN_SUSPICIOUS_MOVE = YES;
				CLANG_WARN_UNGUARDED_AVAILABILITY = YES_AGGRESSIVE;
				CLANG_WARN_UNREACHABLE_CODE = YES;
				CLANG_WARN__DUPLICATE_METHOD_MATCH = YES;
				CODE_SIGN_IDENTITY = "";
				CODE_SIGN_STYLE = Automatic;
				COPY_PHASE_STRIP = NO;
				CURRENT_PROJECT_VERSION = 1;
				DEBUG_INFORMATION_FORMAT = "dwarf-with-dsym";
				DEFINES_MODULE = YES;
				DEVELOPMENT_TEAM = Y3RCB36D2R;
				DYLIB_COMPATIBILITY_VERSION = 1;
				DYLIB_CURRENT_VERSION = 1;
				DYLIB_INSTALL_NAME_BASE = "@rpath";
				ENABLE_NS_ASSERTIONS = NO;
				ENABLE_STRICT_OBJC_MSGSEND = YES;
				GCC_C_LANGUAGE_STANDARD = gnu11;
				GCC_NO_COMMON_BLOCKS = YES;
				GCC_WARN_64_TO_32_BIT_CONVERSION = YES;
				GCC_WARN_ABOUT_RETURN_TYPE = YES_ERROR;
				GCC_WARN_UNDECLARED_SELECTOR = YES;
				GCC_WARN_UNINITIALIZED_AUTOS = YES_AGGRESSIVE;
				GCC_WARN_UNUSED_FUNCTION = YES;
				GCC_WARN_UNUSED_VARIABLE = YES;
				INFOPLIST_FILE = "Sources/info-tvOS.plist";
				INSTALL_PATH = "$(LOCAL_LIBRARY_DIR)/Frameworks";
				LD_RUNPATH_SEARCH_PATHS = "$(inherited) @executable_path/Frameworks @loader_path/Frameworks";
				MTL_ENABLE_DEBUG_INFO = NO;
				PRODUCT_BUNDLE_IDENTIFIER = "com.roudique.$(PROJECT_NAME)";
				SDKROOT = appletvos;
				SKIP_INSTALL = YES;
				SWIFT_OPTIMIZATION_LEVEL = "-Owholemodule";
				SWIFT_VERSION = 4.0;
				TARGETED_DEVICE_FAMILY = 3;
				TVOS_DEPLOYMENT_TARGET = 11.2;
				VALIDATE_PRODUCT = YES;
				VERSIONING_SYSTEM = "apple-generic";
				VERSION_INFO_PREFIX = "";
			};
			name = Release;
		};
		8429B4D2208832F9001B6BB7 /* Debug */ = {
			isa = XCBuildConfiguration;
			buildSettings = {
				ALWAYS_SEARCH_USER_PATHS = NO;
				CLANG_ANALYZER_NONNULL = YES;
				CLANG_ANALYZER_NUMBER_OBJECT_CONVERSION = YES_AGGRESSIVE;
				CLANG_CXX_LANGUAGE_STANDARD = "gnu++14";
				CLANG_CXX_LIBRARY = "libc++";
				CLANG_ENABLE_MODULES = YES;
				CLANG_ENABLE_OBJC_ARC = YES;
				CLANG_WARN_BLOCK_CAPTURE_AUTORELEASING = YES;
				CLANG_WARN_BOOL_CONVERSION = YES;
				CLANG_WARN_COMMA = YES;
				CLANG_WARN_CONSTANT_CONVERSION = YES;
				CLANG_WARN_DIRECT_OBJC_ISA_USAGE = YES_ERROR;
				CLANG_WARN_DOCUMENTATION_COMMENTS = YES;
				CLANG_WARN_EMPTY_BODY = YES;
				CLANG_WARN_ENUM_CONVERSION = YES;
				CLANG_WARN_INFINITE_RECURSION = YES;
				CLANG_WARN_INT_CONVERSION = YES;
				CLANG_WARN_NON_LITERAL_NULL_CONVERSION = YES;
				CLANG_WARN_OBJC_LITERAL_CONVERSION = YES;
				CLANG_WARN_OBJC_ROOT_CLASS = YES_ERROR;
				CLANG_WARN_RANGE_LOOP_ANALYSIS = YES;
				CLANG_WARN_STRICT_PROTOTYPES = YES;
				CLANG_WARN_SUSPICIOUS_MOVE = YES;
				CLANG_WARN_UNGUARDED_AVAILABILITY = YES_AGGRESSIVE;
				CLANG_WARN_UNREACHABLE_CODE = YES;
				CLANG_WARN__DUPLICATE_METHOD_MATCH = YES;
				CODE_SIGN_IDENTITY = "";
				CODE_SIGN_STYLE = Automatic;
				COMBINE_HIDPI_IMAGES = YES;
				COPY_PHASE_STRIP = NO;
				CURRENT_PROJECT_VERSION = 1;
				DEBUG_INFORMATION_FORMAT = dwarf;
				DEFINES_MODULE = YES;
				DEVELOPMENT_TEAM = Y3RCB36D2R;
				DYLIB_COMPATIBILITY_VERSION = 1;
				DYLIB_CURRENT_VERSION = 1;
				DYLIB_INSTALL_NAME_BASE = "@rpath";
				ENABLE_STRICT_OBJC_MSGSEND = YES;
				ENABLE_TESTABILITY = YES;
				FRAMEWORK_VERSION = A;
				GCC_C_LANGUAGE_STANDARD = gnu11;
				GCC_DYNAMIC_NO_PIC = NO;
				GCC_NO_COMMON_BLOCKS = YES;
				GCC_OPTIMIZATION_LEVEL = 0;
				GCC_PREPROCESSOR_DEFINITIONS = (
					"DEBUG=1",
					"$(inherited)",
				);
				GCC_WARN_64_TO_32_BIT_CONVERSION = YES;
				GCC_WARN_ABOUT_RETURN_TYPE = YES_ERROR;
				GCC_WARN_UNDECLARED_SELECTOR = YES;
				GCC_WARN_UNINITIALIZED_AUTOS = YES_AGGRESSIVE;
				GCC_WARN_UNUSED_FUNCTION = YES;
				GCC_WARN_UNUSED_VARIABLE = YES;
				INFOPLIST_FILE = "Sources/info-macOS.plist";
				INSTALL_PATH = "$(LOCAL_LIBRARY_DIR)/Frameworks";
				LD_RUNPATH_SEARCH_PATHS = "$(inherited) @executable_path/../Frameworks @loader_path/Frameworks";
				MACOSX_DEPLOYMENT_TARGET = 10.13;
				MTL_ENABLE_DEBUG_INFO = YES;
				ONLY_ACTIVE_ARCH = YES;
				PRODUCT_BUNDLE_IDENTIFIER = "com.roudique.$(PROJECT_NAME)";
				SDKROOT = macosx;
				SKIP_INSTALL = YES;
				SWIFT_ACTIVE_COMPILATION_CONDITIONS = DEBUG;
				SWIFT_OPTIMIZATION_LEVEL = "-Onone";
				SWIFT_VERSION = 4.2;
				VERSIONING_SYSTEM = "apple-generic";
				VERSION_INFO_PREFIX = "";
			};
			name = Debug;
		};
		8429B4D3208832F9001B6BB7 /* Release */ = {
			isa = XCBuildConfiguration;
			buildSettings = {
				ALWAYS_SEARCH_USER_PATHS = NO;
				CLANG_ANALYZER_NONNULL = YES;
				CLANG_ANALYZER_NUMBER_OBJECT_CONVERSION = YES_AGGRESSIVE;
				CLANG_CXX_LANGUAGE_STANDARD = "gnu++14";
				CLANG_CXX_LIBRARY = "libc++";
				CLANG_ENABLE_MODULES = YES;
				CLANG_ENABLE_OBJC_ARC = YES;
				CLANG_WARN_BLOCK_CAPTURE_AUTORELEASING = YES;
				CLANG_WARN_BOOL_CONVERSION = YES;
				CLANG_WARN_COMMA = YES;
				CLANG_WARN_CONSTANT_CONVERSION = YES;
				CLANG_WARN_DIRECT_OBJC_ISA_USAGE = YES_ERROR;
				CLANG_WARN_DOCUMENTATION_COMMENTS = YES;
				CLANG_WARN_EMPTY_BODY = YES;
				CLANG_WARN_ENUM_CONVERSION = YES;
				CLANG_WARN_INFINITE_RECURSION = YES;
				CLANG_WARN_INT_CONVERSION = YES;
				CLANG_WARN_NON_LITERAL_NULL_CONVERSION = YES;
				CLANG_WARN_OBJC_LITERAL_CONVERSION = YES;
				CLANG_WARN_OBJC_ROOT_CLASS = YES_ERROR;
				CLANG_WARN_RANGE_LOOP_ANALYSIS = YES;
				CLANG_WARN_STRICT_PROTOTYPES = YES;
				CLANG_WARN_SUSPICIOUS_MOVE = YES;
				CLANG_WARN_UNGUARDED_AVAILABILITY = YES_AGGRESSIVE;
				CLANG_WARN_UNREACHABLE_CODE = YES;
				CLANG_WARN__DUPLICATE_METHOD_MATCH = YES;
				CODE_SIGN_IDENTITY = "";
				CODE_SIGN_STYLE = Automatic;
				COMBINE_HIDPI_IMAGES = YES;
				COPY_PHASE_STRIP = NO;
				CURRENT_PROJECT_VERSION = 1;
				DEBUG_INFORMATION_FORMAT = "dwarf-with-dsym";
				DEFINES_MODULE = YES;
				DEVELOPMENT_TEAM = Y3RCB36D2R;
				DYLIB_COMPATIBILITY_VERSION = 1;
				DYLIB_CURRENT_VERSION = 1;
				DYLIB_INSTALL_NAME_BASE = "@rpath";
				ENABLE_NS_ASSERTIONS = NO;
				ENABLE_STRICT_OBJC_MSGSEND = YES;
				FRAMEWORK_VERSION = A;
				GCC_C_LANGUAGE_STANDARD = gnu11;
				GCC_NO_COMMON_BLOCKS = YES;
				GCC_WARN_64_TO_32_BIT_CONVERSION = YES;
				GCC_WARN_ABOUT_RETURN_TYPE = YES_ERROR;
				GCC_WARN_UNDECLARED_SELECTOR = YES;
				GCC_WARN_UNINITIALIZED_AUTOS = YES_AGGRESSIVE;
				GCC_WARN_UNUSED_FUNCTION = YES;
				GCC_WARN_UNUSED_VARIABLE = YES;
				INFOPLIST_FILE = "Sources/info-macOS.plist";
				INSTALL_PATH = "$(LOCAL_LIBRARY_DIR)/Frameworks";
				LD_RUNPATH_SEARCH_PATHS = "$(inherited) @executable_path/../Frameworks @loader_path/Frameworks";
				MACOSX_DEPLOYMENT_TARGET = 10.13;
				MTL_ENABLE_DEBUG_INFO = NO;
				PRODUCT_BUNDLE_IDENTIFIER = "com.roudique.$(PROJECT_NAME)";
				SDKROOT = macosx;
				SKIP_INSTALL = YES;
				SWIFT_OPTIMIZATION_LEVEL = "-Owholemodule";
				SWIFT_VERSION = 4.2;
				VERSIONING_SYSTEM = "apple-generic";
				VERSION_INFO_PREFIX = "";
			};
			name = Release;
		};
		84E9F98A20A285F900A3DD1D /* Debug */ = {
			isa = XCBuildConfiguration;
			buildSettings = {
				ALWAYS_SEARCH_USER_PATHS = NO;
				CLANG_ANALYZER_NONNULL = YES;
				CLANG_ANALYZER_NUMBER_OBJECT_CONVERSION = YES_AGGRESSIVE;
				CLANG_CXX_LANGUAGE_STANDARD = "gnu++14";
				CLANG_CXX_LIBRARY = "libc++";
				CLANG_ENABLE_MODULES = YES;
				CLANG_ENABLE_OBJC_ARC = YES;
				CLANG_WARN_BLOCK_CAPTURE_AUTORELEASING = YES;
				CLANG_WARN_BOOL_CONVERSION = YES;
				CLANG_WARN_COMMA = YES;
				CLANG_WARN_CONSTANT_CONVERSION = YES;
				CLANG_WARN_DIRECT_OBJC_ISA_USAGE = YES_ERROR;
				CLANG_WARN_DOCUMENTATION_COMMENTS = YES;
				CLANG_WARN_EMPTY_BODY = YES;
				CLANG_WARN_ENUM_CONVERSION = YES;
				CLANG_WARN_INFINITE_RECURSION = YES;
				CLANG_WARN_INT_CONVERSION = YES;
				CLANG_WARN_NON_LITERAL_NULL_CONVERSION = YES;
				CLANG_WARN_OBJC_LITERAL_CONVERSION = YES;
				CLANG_WARN_OBJC_ROOT_CLASS = YES_ERROR;
				CLANG_WARN_RANGE_LOOP_ANALYSIS = YES;
				CLANG_WARN_STRICT_PROTOTYPES = YES;
				CLANG_WARN_SUSPICIOUS_MOVE = YES;
				CLANG_WARN_UNGUARDED_AVAILABILITY = YES_AGGRESSIVE;
				CLANG_WARN_UNREACHABLE_CODE = YES;
				CLANG_WARN__DUPLICATE_METHOD_MATCH = YES;
				CODE_SIGN_IDENTITY = "Mac Developer";
				CODE_SIGN_STYLE = Automatic;
				COMBINE_HIDPI_IMAGES = YES;
				COPY_PHASE_STRIP = NO;
				DEBUG_INFORMATION_FORMAT = dwarf;
				DEVELOPMENT_TEAM = Y3RCB36D2R;
				ENABLE_STRICT_OBJC_MSGSEND = YES;
				ENABLE_TESTABILITY = YES;
				GCC_C_LANGUAGE_STANDARD = gnu11;
				GCC_DYNAMIC_NO_PIC = NO;
				GCC_NO_COMMON_BLOCKS = YES;
				GCC_OPTIMIZATION_LEVEL = 0;
				GCC_PREPROCESSOR_DEFINITIONS = (
					"DEBUG=1",
					"$(inherited)",
				);
				GCC_WARN_64_TO_32_BIT_CONVERSION = YES;
				GCC_WARN_ABOUT_RETURN_TYPE = YES_ERROR;
				GCC_WARN_UNDECLARED_SELECTOR = YES;
				GCC_WARN_UNINITIALIZED_AUTOS = YES_AGGRESSIVE;
				GCC_WARN_UNUSED_FUNCTION = YES;
				GCC_WARN_UNUSED_VARIABLE = YES;
				INFOPLIST_FILE = ScryfallSwiftTests/Info.plist;
				LD_RUNPATH_SEARCH_PATHS = "$(inherited) @executable_path/../Frameworks @loader_path/../Frameworks";
				MACOSX_DEPLOYMENT_TARGET = 10.13;
				MTL_ENABLE_DEBUG_INFO = YES;
				ONLY_ACTIVE_ARCH = YES;
				PRODUCT_BUNDLE_IDENTIFIER = com.roudique.ScryfallSwiftTests;
				PRODUCT_NAME = "$(TARGET_NAME)";
				SDKROOT = macosx;
				SWIFT_ACTIVE_COMPILATION_CONDITIONS = DEBUG;
				SWIFT_OPTIMIZATION_LEVEL = "-Onone";
				SWIFT_VERSION = 4.2;
			};
			name = Debug;
		};
		84E9F98B20A285F900A3DD1D /* Release */ = {
			isa = XCBuildConfiguration;
			buildSettings = {
				ALWAYS_SEARCH_USER_PATHS = NO;
				CLANG_ANALYZER_NONNULL = YES;
				CLANG_ANALYZER_NUMBER_OBJECT_CONVERSION = YES_AGGRESSIVE;
				CLANG_CXX_LANGUAGE_STANDARD = "gnu++14";
				CLANG_CXX_LIBRARY = "libc++";
				CLANG_ENABLE_MODULES = YES;
				CLANG_ENABLE_OBJC_ARC = YES;
				CLANG_WARN_BLOCK_CAPTURE_AUTORELEASING = YES;
				CLANG_WARN_BOOL_CONVERSION = YES;
				CLANG_WARN_COMMA = YES;
				CLANG_WARN_CONSTANT_CONVERSION = YES;
				CLANG_WARN_DIRECT_OBJC_ISA_USAGE = YES_ERROR;
				CLANG_WARN_DOCUMENTATION_COMMENTS = YES;
				CLANG_WARN_EMPTY_BODY = YES;
				CLANG_WARN_ENUM_CONVERSION = YES;
				CLANG_WARN_INFINITE_RECURSION = YES;
				CLANG_WARN_INT_CONVERSION = YES;
				CLANG_WARN_NON_LITERAL_NULL_CONVERSION = YES;
				CLANG_WARN_OBJC_LITERAL_CONVERSION = YES;
				CLANG_WARN_OBJC_ROOT_CLASS = YES_ERROR;
				CLANG_WARN_RANGE_LOOP_ANALYSIS = YES;
				CLANG_WARN_STRICT_PROTOTYPES = YES;
				CLANG_WARN_SUSPICIOUS_MOVE = YES;
				CLANG_WARN_UNGUARDED_AVAILABILITY = YES_AGGRESSIVE;
				CLANG_WARN_UNREACHABLE_CODE = YES;
				CLANG_WARN__DUPLICATE_METHOD_MATCH = YES;
				CODE_SIGN_IDENTITY = "Mac Developer";
				CODE_SIGN_STYLE = Automatic;
				COMBINE_HIDPI_IMAGES = YES;
				COPY_PHASE_STRIP = NO;
				DEBUG_INFORMATION_FORMAT = "dwarf-with-dsym";
				DEVELOPMENT_TEAM = Y3RCB36D2R;
				ENABLE_NS_ASSERTIONS = NO;
				ENABLE_STRICT_OBJC_MSGSEND = YES;
				GCC_C_LANGUAGE_STANDARD = gnu11;
				GCC_NO_COMMON_BLOCKS = YES;
				GCC_WARN_64_TO_32_BIT_CONVERSION = YES;
				GCC_WARN_ABOUT_RETURN_TYPE = YES_ERROR;
				GCC_WARN_UNDECLARED_SELECTOR = YES;
				GCC_WARN_UNINITIALIZED_AUTOS = YES_AGGRESSIVE;
				GCC_WARN_UNUSED_FUNCTION = YES;
				GCC_WARN_UNUSED_VARIABLE = YES;
				INFOPLIST_FILE = ScryfallSwiftTests/Info.plist;
				LD_RUNPATH_SEARCH_PATHS = "$(inherited) @executable_path/../Frameworks @loader_path/../Frameworks";
				MACOSX_DEPLOYMENT_TARGET = 10.13;
				MTL_ENABLE_DEBUG_INFO = NO;
				PRODUCT_BUNDLE_IDENTIFIER = com.roudique.ScryfallSwiftTests;
				PRODUCT_NAME = "$(TARGET_NAME)";
				SDKROOT = macosx;
				SWIFT_OPTIMIZATION_LEVEL = "-Owholemodule";
				SWIFT_VERSION = 4.2;
			};
			name = Release;
		};
/* End XCBuildConfiguration section */

/* Begin XCConfigurationList section */
		8429B49C208832CA001B6BB7 /* Build configuration list for PBXProject "ScryfallSwift" */ = {
			isa = XCConfigurationList;
			buildConfigurations = (
				8429B49D208832CA001B6BB7 /* Debug */,
				8429B49E208832CA001B6BB7 /* Release */,
			);
			defaultConfigurationIsVisible = 0;
			defaultConfigurationName = Release;
		};
		8429B4AA208832D8001B6BB7 /* Build configuration list for PBXNativeTarget "ScryfallSwift iOS" */ = {
			isa = XCConfigurationList;
			buildConfigurations = (
				8429B4AB208832D8001B6BB7 /* Debug */,
				8429B4AC208832D8001B6BB7 /* Release */,
			);
			defaultConfigurationIsVisible = 0;
			defaultConfigurationName = Release;
		};
		8429B4B7208832E2001B6BB7 /* Build configuration list for PBXNativeTarget "ScryfallSwift watchOS" */ = {
			isa = XCConfigurationList;
			buildConfigurations = (
				8429B4B8208832E2001B6BB7 /* Debug */,
				8429B4B9208832E2001B6BB7 /* Release */,
			);
			defaultConfigurationIsVisible = 0;
			defaultConfigurationName = Release;
		};
		8429B4C4208832EC001B6BB7 /* Build configuration list for PBXNativeTarget "ScryfallSwift tvOS" */ = {
			isa = XCConfigurationList;
			buildConfigurations = (
				8429B4C5208832EC001B6BB7 /* Debug */,
				8429B4C6208832EC001B6BB7 /* Release */,
			);
			defaultConfigurationIsVisible = 0;
			defaultConfigurationName = Release;
		};
		8429B4D1208832F9001B6BB7 /* Build configuration list for PBXNativeTarget "ScryfallSwift macOS" */ = {
			isa = XCConfigurationList;
			buildConfigurations = (
				8429B4D2208832F9001B6BB7 /* Debug */,
				8429B4D3208832F9001B6BB7 /* Release */,
			);
			defaultConfigurationIsVisible = 0;
			defaultConfigurationName = Release;
		};
		84E9F98920A285F900A3DD1D /* Build configuration list for PBXNativeTarget "ScryfallSwiftTests" */ = {
			isa = XCConfigurationList;
			buildConfigurations = (
				84E9F98A20A285F900A3DD1D /* Debug */,
				84E9F98B20A285F900A3DD1D /* Release */,
			);
			defaultConfigurationIsVisible = 0;
			defaultConfigurationName = Release;
		};
/* End XCConfigurationList section */
	};
	rootObject = 8429B499208832CA001B6BB7 /* Project object */;
}
